<?xml version="1.0" encoding="UTF-8"?>
<!DOCTYPE plist PUBLIC "-//Apple//DTD PLIST 1.0//EN" "http://www.apple.com/DTDs/PropertyList-1.0.dtd">
<plist version="1.0">
<dict>
	<key>archiveVersion</key>
	<string>1</string>
	<key>classes</key>
	<dict/>
	<key>objectVersion</key>
	<string>47</string>
	<key>objects</key>
	<dict>
		<key>089404BA55371C439F26C005</key>
		<dict>
			<key>includeInIndex</key>
			<string>1</string>
			<key>isa</key>
			<string>PBXFileReference</string>
			<key>lastKnownFileType</key>
			<string>text.xcconfig</string>
			<key>name</key>
			<string>Pods-RubyChinaApp.debug.xcconfig</string>
			<key>path</key>
			<string>Pods/Target Support Files/Pods-RubyChinaApp/Pods-RubyChinaApp.debug.xcconfig</string>
			<key>sourceTree</key>
			<string>&lt;group&gt;</string>
		</dict>
		<key>142A01C7F5D13648370295FF</key>
		<dict>
			<key>explicitFileType</key>
			<string>wrapper.framework</string>
			<key>includeInIndex</key>
			<string>0</string>
			<key>isa</key>
			<string>PBXFileReference</string>
			<key>path</key>
			<string>Pods_RubyChinaApp.framework</string>
			<key>sourceTree</key>
			<string>BUILT_PRODUCTS_DIR</string>
		</dict>
		<key>231DF0253D5F58432452BC0D</key>
		<dict>
			<key>fileEncoding</key>
			<string>4</string>
			<key>isa</key>
			<string>PBXFileReference</string>
			<key>lastKnownFileType</key>
			<string>sourcecode.swift</string>
			<key>path</key>
			<string>SwiftyJSONMappable.swift</string>
			<key>sourceTree</key>
			<string>&lt;group&gt;</string>
		</dict>
		<key>231DF0C9E04F39E6FB98AE0F</key>
		<dict>
			<key>fileRef</key>
			<string>231DF5EE10C04C7D61695AC7</string>
			<key>isa</key>
			<string>PBXBuildFile</string>
		</dict>
		<key>231DF13DA4A78C3CC1937377</key>
		<dict>
			<key>fileRef</key>
			<string>231DFD0EA6F48001E6B4E49D</string>
			<key>isa</key>
			<string>PBXBuildFile</string>
		</dict>
		<key>231DF1591B7761CA1D5664FA</key>
		<dict>
			<key>fileEncoding</key>
			<string>4</string>
			<key>isa</key>
			<string>PBXFileReference</string>
			<key>lastKnownFileType</key>
			<string>sourcecode.swift</string>
			<key>path</key>
			<string>Topics.swift</string>
			<key>sourceTree</key>
			<string>&lt;group&gt;</string>
		</dict>
		<key>231DF173354D34CB754E9E6B</key>
		<dict>
			<key>children</key>
			<array>
				<string>231DF69A0BA185B9D027ED3E</string>
				<string>231DF1962EC2499EB3374649</string>
				<string>231DF5EE10C04C7D61695AC7</string>
				<string>31A9D6E8620E5FF3193037DA</string>
				<string>31A9D9BB6354DAC96C2A8391</string>
			</array>
			<key>isa</key>
			<string>PBXGroup</string>
			<key>path</key>
			<string>Models</string>
			<key>sourceTree</key>
			<string>&lt;group&gt;</string>
		</dict>
		<key>231DF1962EC2499EB3374649</key>
		<dict>
			<key>fileEncoding</key>
			<string>4</string>
			<key>isa</key>
			<string>PBXFileReference</string>
			<key>lastKnownFileType</key>
			<string>sourcecode.swift</string>
			<key>path</key>
			<string>Topic.swift</string>
			<key>sourceTree</key>
			<string>&lt;group&gt;</string>
		</dict>
		<key>231DF20B184C8E0C4667DE14</key>
		<dict>
			<key>fileRef</key>
			<string>231DFCD7A04A2B6FE984C601</string>
			<key>isa</key>
			<string>PBXBuildFile</string>
		</dict>
		<key>231DF3CC95CBAEB48744C125</key>
		<dict>
			<key>fileEncoding</key>
			<string>4</string>
			<key>isa</key>
			<string>PBXFileReference</string>
			<key>lastKnownFileType</key>
			<string>sourcecode.swift</string>
			<key>path</key>
			<string>CustomDebugStringConvertible.swift</string>
			<key>sourceTree</key>
			<string>&lt;group&gt;</string>
		</dict>
		<key>231DF3FB0007F49DFD891DA9</key>
		<dict>
			<key>fileEncoding</key>
			<string>4</string>
			<key>isa</key>
			<string>PBXFileReference</string>
			<key>lastKnownFileType</key>
			<string>sourcecode.swift</string>
			<key>path</key>
			<string>ModelType.swift</string>
			<key>sourceTree</key>
			<string>&lt;group&gt;</string>
		</dict>
		<key>231DF46BD9FF2D35A668DFC7</key>
		<dict>
			<key>children</key>
			<array>
				<string>231DFCD7A04A2B6FE984C601</string>
				<string>231DFD64D08DB90BA60E47AF</string>
				<string>231DF9785D40E9D6A86952F8</string>
				<string>231DF0253D5F58432452BC0D</string>
				<string>31A9DC04E21F53880B6828FC</string>
				<string>31A9DEE22D18AB275DE61316</string>
				<string>31A9DE22F7AC1350AE0E54C4</string>
				<string>31A9D525F4F40028ECB3130E</string>
				<string>31A9D702F03DD6CC2106C2F4</string>
				<string>31A9DD883B282D8FC2A94423</string>
				<string>231DF3FB0007F49DFD891DA9</string>
				<string>231DFE55B4688FA7D3E8B7D3</string>
				<string>231DFC00AE0E335A138F5A53</string>
				<string>31A9D3BEB756C5367744674F</string>
				<string>231DFE73E05968C2ED097E99</string>
			</array>
			<key>isa</key>
			<string>PBXGroup</string>
			<key>path</key>
			<string>Libraries</string>
			<key>sourceTree</key>
			<string>&lt;group&gt;</string>
		</dict>
		<key>231DF4CFB128DFACB9AC4F66</key>
		<dict>
			<key>fileRef</key>
			<string>231DF3CC95CBAEB48744C125</string>
			<key>isa</key>
			<string>PBXBuildFile</string>
		</dict>
		<key>231DF4EC0611FFB817390AA3</key>
		<dict>
			<key>fileRef</key>
			<string>231DF69A0BA185B9D027ED3E</string>
			<key>isa</key>
			<string>PBXBuildFile</string>
		</dict>
		<key>231DF50026BAC93B41D61EDB</key>
		<dict>
			<key>fileRef</key>
			<string>231DFC00AE0E335A138F5A53</string>
			<key>isa</key>
			<string>PBXBuildFile</string>
		</dict>
		<key>231DF500ECB4E1A69FDBC94B</key>
		<dict>
			<key>children</key>
			<array>
				<string>231DF936033E22F103D80F2D</string>
				<string>31A9D9A95AD53C33A9986EF6</string>
				<string>31A9DDB7DDD3197B646D689C</string>
				<string>31A9DF293219D76D767732C1</string>
			</array>
			<key>isa</key>
			<string>PBXGroup</string>
			<key>path</key>
			<string>Controllers</string>
			<key>sourceTree</key>
			<string>&lt;group&gt;</string>
		</dict>
		<key>231DF5EE10C04C7D61695AC7</key>
		<dict>
			<key>fileEncoding</key>
			<string>4</string>
			<key>isa</key>
			<string>PBXFileReference</string>
			<key>lastKnownFileType</key>
			<string>sourcecode.swift</string>
			<key>path</key>
			<string>User.swift</string>
			<key>sourceTree</key>
			<string>&lt;group&gt;</string>
		</dict>
		<key>231DF69A0BA185B9D027ED3E</key>
		<dict>
			<key>fileEncoding</key>
			<string>4</string>
			<key>isa</key>
			<string>PBXFileReference</string>
			<key>lastKnownFileType</key>
			<string>sourcecode.swift</string>
			<key>path</key>
			<string>Ability.swift</string>
			<key>sourceTree</key>
			<string>&lt;group&gt;</string>
		</dict>
		<key>231DF7E28829ED774FE9F9E3</key>
		<dict>
			<key>fileEncoding</key>
			<string>4</string>
			<key>isa</key>
			<string>PBXFileReference</string>
			<key>lastKnownFileType</key>
			<string>sourcecode.swift</string>
			<key>path</key>
			<string>GlobalConstant.swift</string>
			<key>sourceTree</key>
			<string>&lt;group&gt;</string>
		</dict>
		<key>231DF936033E22F103D80F2D</key>
		<dict>
			<key>fileEncoding</key>
			<string>4</string>
			<key>isa</key>
			<string>PBXFileReference</string>
			<key>lastKnownFileType</key>
			<string>sourcecode.swift</string>
			<key>path</key>
			<string>FirstViewController.swift</string>
			<key>sourceTree</key>
			<string>&lt;group&gt;</string>
		</dict>
		<key>231DF9785D40E9D6A86952F8</key>
		<dict>
			<key>children</key>
			<array>
				<string>231DF1591B7761CA1D5664FA</string>
				<string>31A9D12781FB0997905874A1</string>
				<string>31A9D89D2087401239B75AD4</string>
				<string>31A9D82BB3D48D7D4FA16955</string>
				<string>31A9DC00F1E6779F99683172</string>
				<string>31A9D0D14B6FD042B6FF04A5</string>
				<string>31A9D1F987FAF91B5F76E086</string>
			</array>
			<key>isa</key>
			<string>PBXGroup</string>
			<key>path</key>
			<string>Endpoints</string>
			<key>sourceTree</key>
			<string>&lt;group&gt;</string>
		</dict>
		<key>231DF99B1F997294A173AFA0</key>
		<dict>
			<key>fileRef</key>
			<string>231DFE55B4688FA7D3E8B7D3</string>
			<key>isa</key>
			<string>PBXBuildFile</string>
		</dict>
		<key>231DF9A2818FD266CF1F71D5</key>
		<dict>
			<key>fileRef</key>
			<string>231DFF604B049AB9648F4071</string>
			<key>isa</key>
			<string>PBXBuildFile</string>
		</dict>
		<key>231DF9BC5E5C962FB01CA017</key>
		<dict>
			<key>fileRef</key>
			<string>231DF7E28829ED774FE9F9E3</string>
			<key>isa</key>
			<string>PBXBuildFile</string>
		</dict>
		<key>231DF9D3F6E134E3A9DE4041</key>
		<dict>
			<key>fileRef</key>
			<string>231DF3FB0007F49DFD891DA9</string>
			<key>isa</key>
			<string>PBXBuildFile</string>
		</dict>
		<key>231DFA0DD99841201D825416</key>
		<dict>
			<key>fileEncoding</key>
			<string>4</string>
			<key>isa</key>
			<string>PBXFileReference</string>
			<key>lastKnownFileType</key>
			<string>sourcecode.swift</string>
			<key>path</key>
			<string>String.swift</string>
			<key>sourceTree</key>
			<string>&lt;group&gt;</string>
		</dict>
		<key>231DFA1A19C5011B9B4679CF</key>
		<dict>
			<key>fileRef</key>
			<string>231DF1962EC2499EB3374649</string>
			<key>isa</key>
			<string>PBXBuildFile</string>
		</dict>
		<key>231DFC00AE0E335A138F5A53</key>
		<dict>
			<key>fileEncoding</key>
			<string>4</string>
			<key>isa</key>
			<string>PBXFileReference</string>
			<key>lastKnownFileType</key>
			<string>sourcecode.swift</string>
			<key>path</key>
			<string>OffsetPager.swift</string>
			<key>sourceTree</key>
			<string>&lt;group&gt;</string>
		</dict>
		<key>231DFC1935D67575003229D5</key>
		<dict>
			<key>fileRef</key>
			<string>231DF936033E22F103D80F2D</string>
			<key>isa</key>
			<string>PBXBuildFile</string>
		</dict>
		<key>231DFC6CC70D378E5AEA3D54</key>
		<dict>
			<key>fileRef</key>
			<string>231DF1591B7761CA1D5664FA</string>
			<key>isa</key>
			<string>PBXBuildFile</string>
		</dict>
		<key>231DFCD7A04A2B6FE984C601</key>
		<dict>
			<key>fileEncoding</key>
			<string>4</string>
			<key>isa</key>
			<string>PBXFileReference</string>
			<key>lastKnownFileType</key>
			<string>sourcecode.swift</string>
			<key>path</key>
			<string>Helpers.swift</string>
			<key>sourceTree</key>
			<string>&lt;group&gt;</string>
		</dict>
		<key>231DFD0EA6F48001E6B4E49D</key>
		<dict>
			<key>fileEncoding</key>
			<string>4</string>
			<key>isa</key>
			<string>PBXFileReference</string>
			<key>lastKnownFileType</key>
			<string>sourcecode.swift</string>
			<key>path</key>
			<string>Response+mapSwiftyJSON.swift</string>
			<key>sourceTree</key>
			<string>&lt;group&gt;</string>
		</dict>
		<key>231DFD64D08DB90BA60E47AF</key>
		<dict>
			<key>children</key>
			<array>
				<string>231DFA0DD99841201D825416</string>
				<string>231DFD0EA6F48001E6B4E49D</string>
				<string>231DF3CC95CBAEB48744C125</string>
			</array>
			<key>isa</key>
			<string>PBXGroup</string>
			<key>path</key>
			<string>Extensions</string>
			<key>sourceTree</key>
			<string>&lt;group&gt;</string>
		</dict>
		<key>231DFD9928EE58ECE1136122</key>
		<dict>
			<key>fileRef</key>
			<string>231DFA0DD99841201D825416</string>
			<key>isa</key>
			<string>PBXBuildFile</string>
		</dict>
		<key>231DFE21DA482EB20732B290</key>
		<dict>
			<key>fileRef</key>
			<string>231DF0253D5F58432452BC0D</string>
			<key>isa</key>
			<string>PBXBuildFile</string>
		</dict>
		<key>231DFE55B4688FA7D3E8B7D3</key>
		<dict>
			<key>fileEncoding</key>
			<string>4</string>
			<key>isa</key>
			<string>PBXFileReference</string>
			<key>lastKnownFileType</key>
			<string>sourcecode.swift</string>
			<key>path</key>
			<string>ViewModelType.swift</string>
			<key>sourceTree</key>
			<string>&lt;group&gt;</string>
		</dict>
		<key>231DFE73E05968C2ED097E99</key>
		<dict>
			<key>fileEncoding</key>
			<string>4</string>
			<key>isa</key>
			<string>PBXFileReference</string>
			<key>lastKnownFileType</key>
			<string>sourcecode.swift</string>
			<key>path</key>
			<string>SegueHandlerType.swift</string>
			<key>sourceTree</key>
			<string>&lt;group&gt;</string>
		</dict>
		<key>231DFED5EF52071DF32EA780</key>
		<dict>
			<key>children</key>
			<array>
				<string>C45CBF6C1C2AD733001B6400</string>
				<string>C4C009111C1ECEEA003226BC</string>
			</array>
			<key>isa</key>
			<string>PBXGroup</string>
			<key>path</key>
			<string>Views</string>
			<key>sourceTree</key>
			<string>&lt;group&gt;</string>
		</dict>
		<key>231DFF604B049AB9648F4071</key>
		<dict>
			<key>fileEncoding</key>
			<string>4</string>
			<key>isa</key>
			<string>PBXFileReference</string>
			<key>lastKnownFileType</key>
			<string>sourcecode.swift</string>
			<key>path</key>
			<string>TopicCellViewModel.swift</string>
			<key>sourceTree</key>
			<string>&lt;group&gt;</string>
		</dict>
		<key>231DFFBAD45A20DD4A0ED9B5</key>
		<dict>
			<key>fileRef</key>
			<string>231DFE73E05968C2ED097E99</string>
			<key>isa</key>
			<string>PBXBuildFile</string>
		</dict>
		<key>2EC4226C5D869D2392353E19</key>
		<dict>
			<key>buildActionMask</key>
			<string>2147483647</string>
			<key>files</key>
			<array/>
			<key>inputPaths</key>
			<array/>
			<key>isa</key>
			<string>PBXShellScriptBuildPhase</string>
			<key>name</key>
			<string>Check Pods Manifest.lock</string>
			<key>outputPaths</key>
			<array/>
			<key>runOnlyForDeploymentPostprocessing</key>
			<string>0</string>
			<key>shellPath</key>
			<string>/bin/sh</string>
			<key>shellScript</key>
			<string>diff "${PODS_ROOT}/../Podfile.lock" "${PODS_ROOT}/Manifest.lock" &gt; /dev/null
if [[ $? != 0 ]] ; then
    cat &lt;&lt; EOM
error: The sandbox is not in sync with the Podfile.lock. Run 'pod install' or update your CocoaPods installation.
EOM
    exit 1
fi
</string>
			<key>showEnvVarsInLog</key>
			<string>0</string>
		</dict>
		<key>31A9D0D14B6FD042B6FF04A5</key>
		<dict>
			<key>fileEncoding</key>
			<string>4</string>
			<key>isa</key>
			<string>PBXFileReference</string>
			<key>lastKnownFileType</key>
			<string>sourcecode.swift</string>
			<key>path</key>
			<string>Photos.swift</string>
			<key>sourceTree</key>
			<string>&lt;group&gt;</string>
		</dict>
		<key>31A9D12781FB0997905874A1</key>
		<dict>
			<key>fileEncoding</key>
			<string>4</string>
			<key>isa</key>
			<string>PBXFileReference</string>
			<key>lastKnownFileType</key>
			<string>sourcecode.swift</string>
			<key>path</key>
			<string>Hello.swift</string>
			<key>sourceTree</key>
			<string>&lt;group&gt;</string>
		</dict>
		<key>31A9D1F987FAF91B5F76E086</key>
		<dict>
			<key>fileEncoding</key>
			<string>4</string>
			<key>isa</key>
			<string>PBXFileReference</string>
			<key>lastKnownFileType</key>
			<string>sourcecode.swift</string>
			<key>path</key>
			<string>RubyChinaV3.swift</string>
			<key>sourceTree</key>
			<string>&lt;group&gt;</string>
		</dict>
		<key>31A9D2230E0FA063CB10C95D</key>
		<dict>
			<key>fileRef</key>
			<string>31A9D1F987FAF91B5F76E086</string>
			<key>isa</key>
			<string>PBXBuildFile</string>
		</dict>
		<key>31A9D2CBCB1F99B39CA623B2</key>
		<dict>
			<key>fileRef</key>
			<string>31A9DAC8958D8040CAEA9E5C</string>
			<key>isa</key>
			<string>PBXBuildFile</string>
		</dict>
		<key>31A9D309751958C2492EBBE1</key>
		<dict>
			<key>fileRef</key>
			<string>31A9DAB9935B984E0866C189</string>
			<key>isa</key>
			<string>PBXBuildFile</string>
		</dict>
		<key>31A9D3B9B3CFBB19EA43E81A</key>
		<dict>
			<key>fileRef</key>
			<string>31A9DB23F9DF37F7A239DF24</string>
			<key>isa</key>
			<string>PBXBuildFile</string>
		</dict>
		<key>31A9D3BEB756C5367744674F</key>
		<dict>
			<key>fileEncoding</key>
			<string>4</string>
			<key>isa</key>
			<string>PBXFileReference</string>
			<key>lastKnownFileType</key>
			<string>sourcecode.swift</string>
			<key>path</key>
			<string>UIEmbedsInCellButton.swift</string>
			<key>sourceTree</key>
			<string>&lt;group&gt;</string>
		</dict>
		<key>31A9D525F4F40028ECB3130E</key>
		<dict>
			<key>fileEncoding</key>
			<string>4</string>
			<key>isa</key>
			<string>PBXFileReference</string>
			<key>lastKnownFileType</key>
			<string>sourcecode.swift</string>
			<key>path</key>
			<string>Provider.swift</string>
			<key>sourceTree</key>
			<string>&lt;group&gt;</string>
		</dict>
		<key>31A9D53BF888A4CC55B73909</key>
		<dict>
			<key>fileRef</key>
			<string>31A9D0D14B6FD042B6FF04A5</string>
			<key>isa</key>
			<string>PBXBuildFile</string>
		</dict>
		<key>31A9D5A1BC8CC0A7A61603AB</key>
		<dict>
			<key>fileEncoding</key>
			<string>4</string>
			<key>isa</key>
			<string>PBXFileReference</string>
			<key>lastKnownFileType</key>
			<string>sourcecode.swift</string>
			<key>path</key>
			<string>TopicDetailViewController.swift</string>
			<key>sourceTree</key>
			<string>&lt;group&gt;</string>
		</dict>
		<key>31A9D691B9045DA938B842CE</key>
		<dict>
			<key>fileEncoding</key>
			<string>4</string>
			<key>isa</key>
			<string>PBXFileReference</string>
			<key>lastKnownFileType</key>
			<string>sourcecode.swift</string>
			<key>path</key>
			<string>TopicsPager.swift</string>
			<key>sourceTree</key>
			<string>&lt;group&gt;</string>
		</dict>
		<key>31A9D6E8620E5FF3193037DA</key>
		<dict>
			<key>fileEncoding</key>
			<string>4</string>
			<key>isa</key>
			<string>PBXFileReference</string>
			<key>lastKnownFileType</key>
			<string>sourcecode.swift</string>
			<key>path</key>
			<string>Reply.swift</string>
			<key>sourceTree</key>
			<string>&lt;group&gt;</string>
		</dict>
		<key>31A9D702F03DD6CC2106C2F4</key>
		<dict>
			<key>fileEncoding</key>
			<string>4</string>
			<key>isa</key>
			<string>PBXFileReference</string>
			<key>lastKnownFileType</key>
			<string>sourcecode.swift</string>
			<key>path</key>
			<string>APIError.swift</string>
			<key>sourceTree</key>
			<string>&lt;group&gt;</string>
		</dict>
		<key>31A9D73B6A82B2C1A35DFE0C</key>
		<dict>
			<key>fileRef</key>
			<string>31A9D702F03DD6CC2106C2F4</string>
			<key>isa</key>
			<string>PBXBuildFile</string>
		</dict>
		<key>31A9D82BB3D48D7D4FA16955</key>
		<dict>
			<key>fileEncoding</key>
			<string>4</string>
			<key>isa</key>
			<string>PBXFileReference</string>
			<key>lastKnownFileType</key>
			<string>sourcecode.swift</string>
			<key>path</key>
			<string>Users.swift</string>
			<key>sourceTree</key>
			<string>&lt;group&gt;</string>
		</dict>
		<key>31A9D89D2087401239B75AD4</key>
		<dict>
			<key>fileEncoding</key>
			<string>4</string>
			<key>isa</key>
			<string>PBXFileReference</string>
			<key>lastKnownFileType</key>
			<string>sourcecode.swift</string>
			<key>path</key>
			<string>Replies.swift</string>
			<key>sourceTree</key>
			<string>&lt;group&gt;</string>
		</dict>
		<key>31A9D8B39216AC35E7F70468</key>
		<dict>
			<key>fileRef</key>
			<string>31A9D6E8620E5FF3193037DA</string>
			<key>isa</key>
			<string>PBXBuildFile</string>
		</dict>
		<key>31A9D906AD995A2EDD558B0D</key>
		<dict>
			<key>fileRef</key>
			<string>31A9D12781FB0997905874A1</string>
			<key>isa</key>
			<string>PBXBuildFile</string>
		</dict>
		<key>31A9D93EDFCE02895C35F011</key>
		<dict>
			<key>fileRef</key>
			<string>31A9DC04E21F53880B6828FC</string>
			<key>isa</key>
			<string>PBXBuildFile</string>
		</dict>
		<key>31A9D9A95AD53C33A9986EF6</key>
		<dict>
			<key>children</key>
			<array>
				<string>31A9DAC8958D8040CAEA9E5C</string>
				<string>31A9DE25708DF430723AF16E</string>
				<string>231DFF604B049AB9648F4071</string>
			</array>
			<key>isa</key>
			<string>PBXGroup</string>
			<key>path</key>
			<string>Topics</string>
			<key>sourceTree</key>
			<string>&lt;group&gt;</string>
		</dict>
		<key>31A9D9BB6354DAC96C2A8391</key>
		<dict>
			<key>fileEncoding</key>
			<string>4</string>
			<key>isa</key>
			<string>PBXFileReference</string>
			<key>lastKnownFileType</key>
			<string>sourcecode.swift</string>
			<key>path</key>
			<string>Node.swift</string>
			<key>sourceTree</key>
			<string>&lt;group&gt;</string>
		</dict>
		<key>31A9DA64933FE3C419778104</key>
		<dict>
			<key>fileRef</key>
			<string>31A9D82BB3D48D7D4FA16955</string>
			<key>isa</key>
			<string>PBXBuildFile</string>
		</dict>
		<key>31A9DAB9935B984E0866C189</key>
		<dict>
			<key>fileEncoding</key>
			<string>4</string>
			<key>isa</key>
			<string>PBXFileReference</string>
			<key>lastKnownFileType</key>
			<string>sourcecode.swift</string>
			<key>path</key>
			<string>SharedObjects.swift</string>
			<key>sourceTree</key>
			<string>&lt;group&gt;</string>
		</dict>
		<key>31A9DAC8958D8040CAEA9E5C</key>
		<dict>
			<key>fileEncoding</key>
			<string>4</string>
			<key>isa</key>
			<string>PBXFileReference</string>
			<key>lastKnownFileType</key>
			<string>sourcecode.swift</string>
			<key>path</key>
			<string>TopicsViewController.swift</string>
			<key>sourceTree</key>
			<string>&lt;group&gt;</string>
		</dict>
		<key>31A9DB18DADE7BCD8C1F703B</key>
		<dict>
			<key>fileRef</key>
			<string>31A9DEE22D18AB275DE61316</string>
			<key>isa</key>
			<string>PBXBuildFile</string>
		</dict>
		<key>31A9DB23F9DF37F7A239DF24</key>
		<dict>
			<key>fileEncoding</key>
			<string>4</string>
			<key>isa</key>
			<string>PBXFileReference</string>
			<key>lastKnownFileType</key>
			<string>sourcecode.swift</string>
			<key>path</key>
			<string>UserDetailViewController.swift</string>
			<key>sourceTree</key>
			<string>&lt;group&gt;</string>
		</dict>
		<key>31A9DB46CE52F141B02A2BFE</key>
		<dict>
			<key>fileRef</key>
			<string>31A9DE25708DF430723AF16E</string>
			<key>isa</key>
			<string>PBXBuildFile</string>
		</dict>
		<key>31A9DBE9CDA353194E87F9FC</key>
		<dict>
			<key>fileRef</key>
			<string>31A9D9BB6354DAC96C2A8391</string>
			<key>isa</key>
			<string>PBXBuildFile</string>
		</dict>
		<key>31A9DC00F1E6779F99683172</key>
		<dict>
			<key>fileEncoding</key>
			<string>4</string>
			<key>isa</key>
			<string>PBXFileReference</string>
			<key>lastKnownFileType</key>
			<string>sourcecode.swift</string>
			<key>path</key>
			<string>Nodes.swift</string>
			<key>sourceTree</key>
			<string>&lt;group&gt;</string>
		</dict>
		<key>31A9DC04E21F53880B6828FC</key>
		<dict>
			<key>fileEncoding</key>
			<string>4</string>
			<key>isa</key>
			<string>PBXFileReference</string>
			<key>lastKnownFileType</key>
			<string>sourcecode.swift</string>
			<key>path</key>
			<string>NetworkLogger.swift</string>
			<key>sourceTree</key>
			<string>&lt;group&gt;</string>
		</dict>
		<key>31A9DC4ADAA4003191EF16B4</key>
		<dict>
			<key>fileRef</key>
			<string>31A9D525F4F40028ECB3130E</string>
			<key>isa</key>
			<string>PBXBuildFile</string>
		</dict>
		<key>31A9DCBACE014A3E33924156</key>
		<dict>
			<key>fileRef</key>
			<string>31A9DE22F7AC1350AE0E54C4</string>
			<key>isa</key>
			<string>PBXBuildFile</string>
		</dict>
		<key>31A9DD18A3DE831B4DD37DB5</key>
		<dict>
			<key>fileRef</key>
			<string>31A9D89D2087401239B75AD4</string>
			<key>isa</key>
			<string>PBXBuildFile</string>
		</dict>
		<key>31A9DD29918C765715235B96</key>
		<dict>
			<key>fileRef</key>
			<string>31A9D691B9045DA938B842CE</string>
			<key>isa</key>
			<string>PBXBuildFile</string>
		</dict>
		<key>31A9DD3637254632DF3BB3E9</key>
		<dict>
			<key>fileRef</key>
			<string>31A9D5A1BC8CC0A7A61603AB</string>
			<key>isa</key>
			<string>PBXBuildFile</string>
		</dict>
		<key>31A9DD883B282D8FC2A94423</key>
		<dict>
			<key>children</key>
			<array>
				<string>31A9D691B9045DA938B842CE</string>
			</array>
			<key>isa</key>
			<string>PBXGroup</string>
			<key>path</key>
			<string>Pagers</string>
			<key>sourceTree</key>
			<string>&lt;group&gt;</string>
		</dict>
		<key>31A9DDB7DDD3197B646D689C</key>
		<dict>
			<key>children</key>
			<array>
				<string>31A9D5A1BC8CC0A7A61603AB</string>
			</array>
			<key>isa</key>
			<string>PBXGroup</string>
			<key>path</key>
			<string>TopicDetail</string>
			<key>sourceTree</key>
			<string>&lt;group&gt;</string>
		</dict>
		<key>31A9DE1B1C7112CD3FA27BD2</key>
		<dict>
			<key>fileRef</key>
			<string>31A9DC00F1E6779F99683172</string>
			<key>isa</key>
			<string>PBXBuildFile</string>
		</dict>
		<key>31A9DE22F7AC1350AE0E54C4</key>
		<dict>
			<key>fileEncoding</key>
			<string>4</string>
			<key>isa</key>
			<string>PBXFileReference</string>
			<key>lastKnownFileType</key>
			<string>sourcecode.swift</string>
			<key>path</key>
			<string>APIResult.swift</string>
			<key>sourceTree</key>
			<string>&lt;group&gt;</string>
		</dict>
		<key>31A9DE25708DF430723AF16E</key>
		<dict>
			<key>fileEncoding</key>
			<string>4</string>
			<key>isa</key>
			<string>PBXFileReference</string>
			<key>lastKnownFileType</key>
			<string>sourcecode.swift</string>
			<key>path</key>
			<string>TopicsTableViewCell.swift</string>
			<key>sourceTree</key>
			<string>&lt;group&gt;</string>
		</dict>
		<key>31A9DEE22D18AB275DE61316</key>
		<dict>
			<key>fileEncoding</key>
			<string>4</string>
			<key>isa</key>
			<string>PBXFileReference</string>
			<key>lastKnownFileType</key>
			<string>sourcecode.swift</string>
			<key>path</key>
			<string>EndpointType.swift</string>
			<key>sourceTree</key>
			<string>&lt;group&gt;</string>
		</dict>
		<key>31A9DF293219D76D767732C1</key>
		<dict>
			<key>children</key>
			<array>
				<string>31A9DB23F9DF37F7A239DF24</string>
			</array>
			<key>isa</key>
			<string>PBXGroup</string>
			<key>path</key>
			<string>UserDetail</string>
			<key>sourceTree</key>
			<string>&lt;group&gt;</string>
		</dict>
		<key>31A9DFFFC5086527834E954B</key>
		<dict>
			<key>fileRef</key>
			<string>31A9D3BEB756C5367744674F</string>
			<key>isa</key>
			<string>PBXBuildFile</string>
		</dict>
		<key>36F1B93F737843DF91DDFD86</key>
		<dict>
			<key>fileRef</key>
			<string>142A01C7F5D13648370295FF</string>
			<key>isa</key>
			<string>PBXBuildFile</string>
		</dict>
		<key>4E6A4444CA0FA95071452CC3</key>
		<dict>
			<key>buildActionMask</key>
			<string>2147483647</string>
			<key>files</key>
			<array/>
			<key>inputPaths</key>
			<array/>
			<key>isa</key>
			<string>PBXShellScriptBuildPhase</string>
			<key>name</key>
			<string>Copy Pods Resources</string>
			<key>outputPaths</key>
			<array/>
			<key>runOnlyForDeploymentPostprocessing</key>
			<string>0</string>
			<key>shellPath</key>
			<string>/bin/sh</string>
			<key>shellScript</key>
			<string>"${SRCROOT}/Pods/Target Support Files/Pods-RubyChinaApp/Pods-RubyChinaApp-resources.sh"
</string>
			<key>showEnvVarsInLog</key>
			<string>0</string>
		</dict>
		<key>A2DBA5217B1B94FB0308DAC2</key>
		<dict>
			<key>includeInIndex</key>
			<string>1</string>
			<key>isa</key>
			<string>PBXFileReference</string>
			<key>lastKnownFileType</key>
			<string>text.xcconfig</string>
			<key>name</key>
			<string>Pods-RubyChinaApp.release.xcconfig</string>
			<key>path</key>
			<string>Pods/Target Support Files/Pods-RubyChinaApp/Pods-RubyChinaApp.release.xcconfig</string>
			<key>sourceTree</key>
			<string>&lt;group&gt;</string>
		</dict>
		<key>C441C0311C1468180035AD6E</key>
		<dict>
			<key>children</key>
			<array>
				<string>C441C03C1C1468180035AD6E</string>
				<string>C441C0531C1468180035AD6E</string>
				<string>C441C05E1C1468180035AD6E</string>
				<string>C441C03B1C1468180035AD6E</string>
				<string>F567E92F272F96D915869D42</string>
				<string>DAD71CF0649CE0EAD728B51C</string>
			</array>
			<key>indentWidth</key>
			<string>4</string>
			<key>isa</key>
			<string>PBXGroup</string>
			<key>sourceTree</key>
			<string>&lt;group&gt;</string>
			<key>tabWidth</key>
			<string>4</string>
			<key>usesTabs</key>
			<string>0</string>
		</dict>
		<key>C441C0321C1468180035AD6E</key>
		<dict>
			<key>attributes</key>
			<dict>
				<key>LastSwiftUpdateCheck</key>
				<string>0710</string>
				<key>LastUpgradeCheck</key>
				<string>0710</string>
				<key>ORGANIZATIONNAME</key>
				<string>RubyChina</string>
				<key>TargetAttributes</key>
				<dict>
					<key>C441C0391C1468180035AD6E</key>
					<dict>
						<key>CreatedOnToolsVersion</key>
						<string>7.1.1</string>
					</dict>
					<key>C441C04F1C1468180035AD6E</key>
					<dict>
						<key>CreatedOnToolsVersion</key>
						<string>7.1.1</string>
						<key>TestTargetID</key>
						<string>C441C0391C1468180035AD6E</string>
					</dict>
					<key>C441C05A1C1468180035AD6E</key>
					<dict>
						<key>CreatedOnToolsVersion</key>
						<string>7.1.1</string>
						<key>TestTargetID</key>
						<string>C441C0391C1468180035AD6E</string>
					</dict>
				</dict>
			</dict>
			<key>buildConfigurationList</key>
			<string>C441C0351C1468180035AD6E</string>
			<key>compatibilityVersion</key>
			<string>Xcode 6.3</string>
			<key>developmentRegion</key>
			<string>English</string>
			<key>hasScannedForEncodings</key>
			<string>0</string>
			<key>isa</key>
			<string>PBXProject</string>
			<key>knownRegions</key>
			<array>
				<string>en</string>
				<string>Base</string>
			</array>
			<key>mainGroup</key>
			<string>C441C0311C1468180035AD6E</string>
			<key>productRefGroup</key>
			<string>C441C03B1C1468180035AD6E</string>
			<key>projectDirPath</key>
			<string></string>
			<key>projectReferences</key>
			<array/>
			<key>projectRoot</key>
			<string></string>
			<key>targets</key>
			<array>
				<string>C441C0391C1468180035AD6E</string>
				<string>C441C04F1C1468180035AD6E</string>
				<string>C441C05A1C1468180035AD6E</string>
			</array>
		</dict>
		<key>C441C0351C1468180035AD6E</key>
		<dict>
			<key>buildConfigurations</key>
			<array>
				<string>C441C0621C1468180035AD6E</string>
				<string>C441C0631C1468180035AD6E</string>
			</array>
			<key>defaultConfigurationIsVisible</key>
			<string>0</string>
			<key>defaultConfigurationName</key>
			<string>Release</string>
			<key>isa</key>
			<string>XCConfigurationList</string>
		</dict>
		<key>C441C0361C1468180035AD6E</key>
		<dict>
			<key>buildActionMask</key>
			<string>2147483647</string>
			<key>files</key>
			<array>
				<string>C441C03E1C1468180035AD6E</string>
				<string>231DF20B184C8E0C4667DE14</string>
				<string>231DF9BC5E5C962FB01CA017</string>
				<string>231DF4EC0611FFB817390AA3</string>
				<string>231DFA1A19C5011B9B4679CF</string>
				<string>231DF0C9E04F39E6FB98AE0F</string>
				<string>231DFC1935D67575003229D5</string>
				<string>231DFD9928EE58ECE1136122</string>
				<string>231DF13DA4A78C3CC1937377</string>
				<string>231DFE21DA482EB20732B290</string>
				<string>231DFC6CC70D378E5AEA3D54</string>
				<string>31A9D906AD995A2EDD558B0D</string>
				<string>31A9D309751958C2492EBBE1</string>
				<string>31A9D93EDFCE02895C35F011</string>
				<string>31A9D8B39216AC35E7F70468</string>
				<string>31A9DD18A3DE831B4DD37DB5</string>
				<string>31A9DA64933FE3C419778104</string>
				<string>31A9DBE9CDA353194E87F9FC</string>
				<string>31A9DE1B1C7112CD3FA27BD2</string>
				<string>31A9D53BF888A4CC55B73909</string>
				<string>31A9DB18DADE7BCD8C1F703B</string>
				<string>31A9DCBACE014A3E33924156</string>
				<string>31A9D2230E0FA063CB10C95D</string>
				<string>31A9DC4ADAA4003191EF16B4</string>
				<string>31A9D73B6A82B2C1A35DFE0C</string>
				<string>31A9D2CBCB1F99B39CA623B2</string>
				<string>31A9DB46CE52F141B02A2BFE</string>
				<string>31A9DD29918C765715235B96</string>
				<string>231DF9D3F6E134E3A9DE4041</string>
				<string>231DF4CFB128DFACB9AC4F66</string>
				<string>231DF9A2818FD266CF1F71D5</string>
				<string>231DF99B1F997294A173AFA0</string>
				<string>231DF50026BAC93B41D61EDB</string>
				<string>31A9DD3637254632DF3BB3E9</string>
				<string>31A9DFFFC5086527834E954B</string>
				<string>31A9D3B9B3CFBB19EA43E81A</string>
				<string>231DFFBAD45A20DD4A0ED9B5</string>
			</array>
			<key>isa</key>
			<string>PBXSourcesBuildPhase</string>
			<key>runOnlyForDeploymentPostprocessing</key>
			<string>0</string>
		</dict>
		<key>C441C0371C1468180035AD6E</key>
		<dict>
			<key>buildActionMask</key>
			<string>2147483647</string>
			<key>files</key>
			<array>
				<string>36F1B93F737843DF91DDFD86</string>
			</array>
			<key>isa</key>
			<string>PBXFrameworksBuildPhase</string>
			<key>runOnlyForDeploymentPostprocessing</key>
			<string>0</string>
		</dict>
		<key>C441C0381C1468180035AD6E</key>
		<dict>
			<key>buildActionMask</key>
			<string>2147483647</string>
			<key>files</key>
			<array>
				<string>C45CBF6D1C2AD733001B6400</string>
				<string>C441C0471C1468180035AD6E</string>
				<string>C4C009131C1ECEEA003226BC</string>
			</array>
			<key>isa</key>
			<string>PBXResourcesBuildPhase</string>
			<key>runOnlyForDeploymentPostprocessing</key>
			<string>0</string>
		</dict>
		<key>C441C0391C1468180035AD6E</key>
		<dict>
			<key>buildConfigurationList</key>
			<string>C441C0641C1468180035AD6E</string>
			<key>buildPhases</key>
			<array>
				<string>2EC4226C5D869D2392353E19</string>
				<string>C441C0361C1468180035AD6E</string>
				<string>C441C0371C1468180035AD6E</string>
				<string>C441C0381C1468180035AD6E</string>
				<string>E14E7D4B2545FB1AD5ED3049</string>
				<string>4E6A4444CA0FA95071452CC3</string>
			</array>
			<key>buildRules</key>
			<array/>
			<key>dependencies</key>
			<array/>
			<key>isa</key>
			<string>PBXNativeTarget</string>
			<key>name</key>
			<string>RubyChinaApp</string>
			<key>productName</key>
			<string>RubyChinaApp</string>
			<key>productReference</key>
			<string>C441C03A1C1468180035AD6E</string>
			<key>productType</key>
			<string>com.apple.product-type.application</string>
		</dict>
		<key>C441C03A1C1468180035AD6E</key>
		<dict>
			<key>explicitFileType</key>
			<string>wrapper.application</string>
			<key>includeInIndex</key>
			<string>0</string>
			<key>isa</key>
			<string>PBXFileReference</string>
			<key>path</key>
			<string>RubyChinaApp.app</string>
			<key>sourceTree</key>
			<string>BUILT_PRODUCTS_DIR</string>
		</dict>
		<key>C441C03B1C1468180035AD6E</key>
		<dict>
			<key>children</key>
			<array>
				<string>C441C03A1C1468180035AD6E</string>
				<string>C441C0501C1468180035AD6E</string>
				<string>C441C05B1C1468180035AD6E</string>
			</array>
			<key>isa</key>
			<string>PBXGroup</string>
			<key>name</key>
			<string>Products</string>
			<key>sourceTree</key>
			<string>&lt;group&gt;</string>
		</dict>
		<key>C441C03C1C1468180035AD6E</key>
		<dict>
			<key>children</key>
			<array>
				<string>C441C03D1C1468180035AD6E</string>
				<string>C441C0461C1468180035AD6E</string>
				<string>C441C04B1C1468180035AD6E</string>
				<string>231DF173354D34CB754E9E6B</string>
				<string>231DF46BD9FF2D35A668DFC7</string>
				<string>231DF7E28829ED774FE9F9E3</string>
				<string>231DF500ECB4E1A69FDBC94B</string>
				<string>231DFED5EF52071DF32EA780</string>
				<string>31A9DAB9935B984E0866C189</string>
			</array>
			<key>isa</key>
			<string>PBXGroup</string>
			<key>path</key>
			<string>RubyChinaApp</string>
			<key>sourceTree</key>
			<string>&lt;group&gt;</string>
		</dict>
		<key>C441C03D1C1468180035AD6E</key>
		<dict>
			<key>isa</key>
			<string>PBXFileReference</string>
			<key>lastKnownFileType</key>
			<string>sourcecode.swift</string>
			<key>path</key>
			<string>AppDelegate.swift</string>
			<key>sourceTree</key>
			<string>&lt;group&gt;</string>
		</dict>
		<key>C441C03E1C1468180035AD6E</key>
		<dict>
			<key>fileRef</key>
			<string>C441C03D1C1468180035AD6E</string>
			<key>isa</key>
			<string>PBXBuildFile</string>
		</dict>
		<key>C441C0461C1468180035AD6E</key>
		<dict>
			<key>isa</key>
			<string>PBXFileReference</string>
			<key>lastKnownFileType</key>
			<string>folder.assetcatalog</string>
			<key>path</key>
			<string>Assets.xcassets</string>
			<key>sourceTree</key>
			<string>&lt;group&gt;</string>
		</dict>
		<key>C441C0471C1468180035AD6E</key>
		<dict>
			<key>fileRef</key>
			<string>C441C0461C1468180035AD6E</string>
			<key>isa</key>
			<string>PBXBuildFile</string>
		</dict>
		<key>C441C04B1C1468180035AD6E</key>
		<dict>
			<key>isa</key>
			<string>PBXFileReference</string>
			<key>lastKnownFileType</key>
			<string>text.plist.xml</string>
			<key>path</key>
			<string>Info.plist</string>
			<key>sourceTree</key>
			<string>&lt;group&gt;</string>
		</dict>
		<key>C441C04C1C1468180035AD6E</key>
		<dict>
			<key>buildActionMask</key>
			<string>2147483647</string>
			<key>files</key>
			<array>
				<string>C441C0551C1468180035AD6E</string>
			</array>
			<key>isa</key>
			<string>PBXSourcesBuildPhase</string>
			<key>runOnlyForDeploymentPostprocessing</key>
			<string>0</string>
		</dict>
		<key>C441C04D1C1468180035AD6E</key>
		<dict>
			<key>buildActionMask</key>
			<string>2147483647</string>
			<key>files</key>
			<array/>
			<key>isa</key>
			<string>PBXFrameworksBuildPhase</string>
			<key>runOnlyForDeploymentPostprocessing</key>
			<string>0</string>
		</dict>
		<key>C441C04E1C1468180035AD6E</key>
		<dict>
			<key>buildActionMask</key>
			<string>2147483647</string>
			<key>files</key>
			<array/>
			<key>isa</key>
			<string>PBXResourcesBuildPhase</string>
			<key>runOnlyForDeploymentPostprocessing</key>
			<string>0</string>
		</dict>
		<key>C441C04F1C1468180035AD6E</key>
		<dict>
			<key>buildConfigurationList</key>
			<string>C441C0671C1468180035AD6E</string>
			<key>buildPhases</key>
			<array>
				<string>C441C04C1C1468180035AD6E</string>
				<string>C441C04D1C1468180035AD6E</string>
				<string>C441C04E1C1468180035AD6E</string>
			</array>
			<key>buildRules</key>
			<array/>
			<key>dependencies</key>
			<array>
				<string>C441C0521C1468180035AD6E</string>
			</array>
			<key>isa</key>
			<string>PBXNativeTarget</string>
			<key>name</key>
			<string>RubyChinaAppTests</string>
			<key>productName</key>
			<string>RubyChinaAppTests</string>
			<key>productReference</key>
			<string>C441C0501C1468180035AD6E</string>
			<key>productType</key>
			<string>com.apple.product-type.bundle.unit-test</string>
		</dict>
		<key>C441C0501C1468180035AD6E</key>
		<dict>
			<key>explicitFileType</key>
			<string>wrapper.cfbundle</string>
			<key>includeInIndex</key>
			<string>0</string>
			<key>isa</key>
			<string>PBXFileReference</string>
			<key>path</key>
			<string>RubyChinaAppTests.xctest</string>
			<key>sourceTree</key>
			<string>BUILT_PRODUCTS_DIR</string>
		</dict>
		<key>C441C0511C1468180035AD6E</key>
		<dict>
			<key>containerPortal</key>
			<string>C441C0321C1468180035AD6E</string>
			<key>isa</key>
			<string>PBXContainerItemProxy</string>
			<key>proxyType</key>
			<string>1</string>
			<key>remoteGlobalIDString</key>
			<string>C441C0391C1468180035AD6E</string>
			<key>remoteInfo</key>
			<string>RubyChinaApp</string>
		</dict>
		<key>C441C0521C1468180035AD6E</key>
		<dict>
			<key>isa</key>
			<string>PBXTargetDependency</string>
			<key>target</key>
			<string>C441C0391C1468180035AD6E</string>
			<key>targetProxy</key>
			<string>C441C0511C1468180035AD6E</string>
		</dict>
		<key>C441C0531C1468180035AD6E</key>
		<dict>
			<key>children</key>
			<array>
				<string>C441C0541C1468180035AD6E</string>
				<string>C441C0561C1468180035AD6E</string>
			</array>
			<key>isa</key>
			<string>PBXGroup</string>
			<key>path</key>
			<string>RubyChinaAppTests</string>
			<key>sourceTree</key>
			<string>&lt;group&gt;</string>
		</dict>
		<key>C441C0541C1468180035AD6E</key>
		<dict>
			<key>isa</key>
			<string>PBXFileReference</string>
			<key>lastKnownFileType</key>
			<string>sourcecode.swift</string>
			<key>path</key>
			<string>RubyChinaAppTests.swift</string>
			<key>sourceTree</key>
			<string>&lt;group&gt;</string>
		</dict>
		<key>C441C0551C1468180035AD6E</key>
		<dict>
			<key>fileRef</key>
			<string>C441C0541C1468180035AD6E</string>
			<key>isa</key>
			<string>PBXBuildFile</string>
		</dict>
		<key>C441C0561C1468180035AD6E</key>
		<dict>
			<key>isa</key>
			<string>PBXFileReference</string>
			<key>lastKnownFileType</key>
			<string>text.plist.xml</string>
			<key>path</key>
			<string>Info.plist</string>
			<key>sourceTree</key>
			<string>&lt;group&gt;</string>
		</dict>
		<key>C441C0571C1468180035AD6E</key>
		<dict>
			<key>buildActionMask</key>
			<string>2147483647</string>
			<key>files</key>
			<array>
				<string>C441C0601C1468180035AD6E</string>
			</array>
			<key>isa</key>
			<string>PBXSourcesBuildPhase</string>
			<key>runOnlyForDeploymentPostprocessing</key>
			<string>0</string>
		</dict>
		<key>C441C0581C1468180035AD6E</key>
		<dict>
			<key>buildActionMask</key>
			<string>2147483647</string>
			<key>files</key>
			<array/>
			<key>isa</key>
			<string>PBXFrameworksBuildPhase</string>
			<key>runOnlyForDeploymentPostprocessing</key>
			<string>0</string>
		</dict>
		<key>C441C0591C1468180035AD6E</key>
		<dict>
			<key>buildActionMask</key>
			<string>2147483647</string>
			<key>files</key>
			<array/>
			<key>isa</key>
			<string>PBXResourcesBuildPhase</string>
			<key>runOnlyForDeploymentPostprocessing</key>
			<string>0</string>
		</dict>
		<key>C441C05A1C1468180035AD6E</key>
		<dict>
			<key>buildConfigurationList</key>
			<string>C441C06A1C1468180035AD6E</string>
			<key>buildPhases</key>
			<array>
				<string>C441C0571C1468180035AD6E</string>
				<string>C441C0581C1468180035AD6E</string>
				<string>C441C0591C1468180035AD6E</string>
			</array>
			<key>buildRules</key>
			<array/>
			<key>dependencies</key>
			<array>
				<string>C441C05D1C1468180035AD6E</string>
			</array>
			<key>isa</key>
			<string>PBXNativeTarget</string>
			<key>name</key>
			<string>RubyChinaAppUITests</string>
			<key>productName</key>
			<string>RubyChinaAppUITests</string>
			<key>productReference</key>
			<string>C441C05B1C1468180035AD6E</string>
			<key>productType</key>
			<string>com.apple.product-type.bundle.ui-testing</string>
		</dict>
		<key>C441C05B1C1468180035AD6E</key>
		<dict>
			<key>explicitFileType</key>
			<string>wrapper.cfbundle</string>
			<key>includeInIndex</key>
			<string>0</string>
			<key>isa</key>
			<string>PBXFileReference</string>
			<key>path</key>
			<string>RubyChinaAppUITests.xctest</string>
			<key>sourceTree</key>
			<string>BUILT_PRODUCTS_DIR</string>
		</dict>
		<key>C441C05C1C1468180035AD6E</key>
		<dict>
			<key>containerPortal</key>
			<string>C441C0321C1468180035AD6E</string>
			<key>isa</key>
			<string>PBXContainerItemProxy</string>
			<key>proxyType</key>
			<string>1</string>
			<key>remoteGlobalIDString</key>
			<string>C441C0391C1468180035AD6E</string>
			<key>remoteInfo</key>
			<string>RubyChinaApp</string>
		</dict>
		<key>C441C05D1C1468180035AD6E</key>
		<dict>
			<key>isa</key>
			<string>PBXTargetDependency</string>
			<key>target</key>
			<string>C441C0391C1468180035AD6E</string>
			<key>targetProxy</key>
			<string>C441C05C1C1468180035AD6E</string>
		</dict>
		<key>C441C05E1C1468180035AD6E</key>
		<dict>
			<key>children</key>
			<array>
				<string>C441C05F1C1468180035AD6E</string>
				<string>C441C0611C1468180035AD6E</string>
			</array>
			<key>isa</key>
			<string>PBXGroup</string>
			<key>path</key>
			<string>RubyChinaAppUITests</string>
			<key>sourceTree</key>
			<string>&lt;group&gt;</string>
		</dict>
		<key>C441C05F1C1468180035AD6E</key>
		<dict>
			<key>isa</key>
			<string>PBXFileReference</string>
			<key>lastKnownFileType</key>
			<string>sourcecode.swift</string>
			<key>path</key>
			<string>RubyChinaAppUITests.swift</string>
			<key>sourceTree</key>
			<string>&lt;group&gt;</string>
		</dict>
		<key>C441C0601C1468180035AD6E</key>
		<dict>
			<key>fileRef</key>
			<string>C441C05F1C1468180035AD6E</string>
			<key>isa</key>
			<string>PBXBuildFile</string>
		</dict>
		<key>C441C0611C1468180035AD6E</key>
		<dict>
			<key>isa</key>
			<string>PBXFileReference</string>
			<key>lastKnownFileType</key>
			<string>text.plist.xml</string>
			<key>path</key>
			<string>Info.plist</string>
			<key>sourceTree</key>
			<string>&lt;group&gt;</string>
		</dict>
		<key>C441C0621C1468180035AD6E</key>
		<dict>
			<key>buildSettings</key>
			<dict>
				<key>ALWAYS_SEARCH_USER_PATHS</key>
				<string>NO</string>
				<key>CLANG_CXX_LANGUAGE_STANDARD</key>
				<string>gnu++0x</string>
				<key>CLANG_CXX_LIBRARY</key>
				<string>libc++</string>
				<key>CLANG_ENABLE_MODULES</key>
				<string>YES</string>
				<key>CLANG_ENABLE_OBJC_ARC</key>
				<string>YES</string>
				<key>CLANG_WARN_BOOL_CONVERSION</key>
				<string>YES</string>
				<key>CLANG_WARN_CONSTANT_CONVERSION</key>
				<string>YES</string>
				<key>CLANG_WARN_DIRECT_OBJC_ISA_USAGE</key>
				<string>YES_ERROR</string>
				<key>CLANG_WARN_EMPTY_BODY</key>
				<string>YES</string>
				<key>CLANG_WARN_ENUM_CONVERSION</key>
				<string>YES</string>
				<key>CLANG_WARN_INT_CONVERSION</key>
				<string>YES</string>
				<key>CLANG_WARN_OBJC_ROOT_CLASS</key>
				<string>YES_ERROR</string>
				<key>CLANG_WARN_UNREACHABLE_CODE</key>
				<string>YES</string>
				<key>CLANG_WARN__DUPLICATE_METHOD_MATCH</key>
				<string>YES</string>
				<key>CODE_SIGN_IDENTITY[sdk=iphoneos*]</key>
				<string>iPhone Developer</string>
				<key>COPY_PHASE_STRIP</key>
				<string>NO</string>
				<key>DEBUG_INFORMATION_FORMAT</key>
				<string>dwarf</string>
				<key>ENABLE_STRICT_OBJC_MSGSEND</key>
				<string>YES</string>
				<key>ENABLE_TESTABILITY</key>
				<string>YES</string>
				<key>GCC_C_LANGUAGE_STANDARD</key>
				<string>gnu99</string>
				<key>GCC_DYNAMIC_NO_PIC</key>
				<string>NO</string>
				<key>GCC_NO_COMMON_BLOCKS</key>
				<string>YES</string>
				<key>GCC_OPTIMIZATION_LEVEL</key>
				<string>0</string>
				<key>GCC_PREPROCESSOR_DEFINITIONS</key>
				<array>
					<string>DEBUG=1</string>
					<string>$(inherited)</string>
				</array>
				<key>GCC_WARN_64_TO_32_BIT_CONVERSION</key>
				<string>YES</string>
				<key>GCC_WARN_ABOUT_RETURN_TYPE</key>
				<string>YES_ERROR</string>
				<key>GCC_WARN_UNDECLARED_SELECTOR</key>
				<string>YES</string>
				<key>GCC_WARN_UNINITIALIZED_AUTOS</key>
				<string>YES_AGGRESSIVE</string>
				<key>GCC_WARN_UNUSED_FUNCTION</key>
				<string>YES</string>
				<key>GCC_WARN_UNUSED_VARIABLE</key>
				<string>YES</string>
				<key>IPHONEOS_DEPLOYMENT_TARGET</key>
				<string>9.1</string>
				<key>MTL_ENABLE_DEBUG_INFO</key>
				<string>YES</string>
				<key>ONLY_ACTIVE_ARCH</key>
				<string>YES</string>
				<key>SDKROOT</key>
				<string>iphoneos</string>
				<key>SWIFT_OPTIMIZATION_LEVEL</key>
				<string>-Onone</string>
			</dict>
			<key>isa</key>
			<string>XCBuildConfiguration</string>
			<key>name</key>
			<string>Debug</string>
		</dict>
		<key>C441C0631C1468180035AD6E</key>
		<dict>
			<key>buildSettings</key>
			<dict>
				<key>ALWAYS_SEARCH_USER_PATHS</key>
				<string>NO</string>
				<key>CLANG_CXX_LANGUAGE_STANDARD</key>
				<string>gnu++0x</string>
				<key>CLANG_CXX_LIBRARY</key>
				<string>libc++</string>
				<key>CLANG_ENABLE_MODULES</key>
				<string>YES</string>
				<key>CLANG_ENABLE_OBJC_ARC</key>
				<string>YES</string>
				<key>CLANG_WARN_BOOL_CONVERSION</key>
				<string>YES</string>
				<key>CLANG_WARN_CONSTANT_CONVERSION</key>
				<string>YES</string>
				<key>CLANG_WARN_DIRECT_OBJC_ISA_USAGE</key>
				<string>YES_ERROR</string>
				<key>CLANG_WARN_EMPTY_BODY</key>
				<string>YES</string>
				<key>CLANG_WARN_ENUM_CONVERSION</key>
				<string>YES</string>
				<key>CLANG_WARN_INT_CONVERSION</key>
				<string>YES</string>
				<key>CLANG_WARN_OBJC_ROOT_CLASS</key>
				<string>YES_ERROR</string>
				<key>CLANG_WARN_UNREACHABLE_CODE</key>
				<string>YES</string>
				<key>CLANG_WARN__DUPLICATE_METHOD_MATCH</key>
				<string>YES</string>
				<key>CODE_SIGN_IDENTITY[sdk=iphoneos*]</key>
				<string>iPhone Developer</string>
				<key>COPY_PHASE_STRIP</key>
				<string>NO</string>
				<key>DEBUG_INFORMATION_FORMAT</key>
				<string>dwarf-with-dsym</string>
				<key>ENABLE_NS_ASSERTIONS</key>
				<string>NO</string>
				<key>ENABLE_STRICT_OBJC_MSGSEND</key>
				<string>YES</string>
				<key>GCC_C_LANGUAGE_STANDARD</key>
				<string>gnu99</string>
				<key>GCC_NO_COMMON_BLOCKS</key>
				<string>YES</string>
				<key>GCC_WARN_64_TO_32_BIT_CONVERSION</key>
				<string>YES</string>
				<key>GCC_WARN_ABOUT_RETURN_TYPE</key>
				<string>YES_ERROR</string>
				<key>GCC_WARN_UNDECLARED_SELECTOR</key>
				<string>YES</string>
				<key>GCC_WARN_UNINITIALIZED_AUTOS</key>
				<string>YES_AGGRESSIVE</string>
				<key>GCC_WARN_UNUSED_FUNCTION</key>
				<string>YES</string>
				<key>GCC_WARN_UNUSED_VARIABLE</key>
				<string>YES</string>
				<key>IPHONEOS_DEPLOYMENT_TARGET</key>
				<string>9.1</string>
				<key>MTL_ENABLE_DEBUG_INFO</key>
				<string>NO</string>
				<key>SDKROOT</key>
				<string>iphoneos</string>
				<key>VALIDATE_PRODUCT</key>
				<string>YES</string>
			</dict>
			<key>isa</key>
			<string>XCBuildConfiguration</string>
			<key>name</key>
			<string>Release</string>
		</dict>
		<key>C441C0641C1468180035AD6E</key>
		<dict>
			<key>buildConfigurations</key>
			<array>
				<string>C441C0651C1468180035AD6E</string>
				<string>C441C0661C1468180035AD6E</string>
			</array>
			<key>defaultConfigurationIsVisible</key>
			<string>0</string>
			<key>defaultConfigurationName</key>
			<string>Release</string>
			<key>isa</key>
			<string>XCConfigurationList</string>
		</dict>
		<key>C441C0651C1468180035AD6E</key>
		<dict>
			<key>baseConfigurationReference</key>
			<string>089404BA55371C439F26C005</string>
			<key>buildSettings</key>
			<dict>
				<key>ASSETCATALOG_COMPILER_APPICON_NAME</key>
				<string>AppIcon</string>
				<key>FRAMEWORK_SEARCH_PATHS</key>
				<string>$(inherited)</string>
				<key>INFOPLIST_FILE</key>
				<string>RubyChinaApp/Info.plist</string>
				<key>IPHONEOS_DEPLOYMENT_TARGET</key>
				<string>9.1</string>
				<key>LD_RUNPATH_SEARCH_PATHS</key>
				<string>$(inherited) @executable_path/Frameworks</string>
				<key>OTHER_SWIFT_FLAGS[arch=*]</key>
				<string>$(inherited) "-D" "COCOAPODS" -v</string>
				<key>PRODUCT_BUNDLE_IDENTIFIER</key>
				<string>RubyChina.RubyChinaApp</string>
				<key>PRODUCT_NAME</key>
				<string>$(TARGET_NAME)</string>
			</dict>
			<key>isa</key>
			<string>XCBuildConfiguration</string>
			<key>name</key>
			<string>Debug</string>
		</dict>
		<key>C441C0661C1468180035AD6E</key>
		<dict>
			<key>baseConfigurationReference</key>
			<string>A2DBA5217B1B94FB0308DAC2</string>
			<key>buildSettings</key>
			<dict>
				<key>ASSETCATALOG_COMPILER_APPICON_NAME</key>
				<string>AppIcon</string>
				<key>FRAMEWORK_SEARCH_PATHS</key>
				<string>$(inherited)</string>
				<key>INFOPLIST_FILE</key>
				<string>RubyChinaApp/Info.plist</string>
				<key>IPHONEOS_DEPLOYMENT_TARGET</key>
				<string>9.1</string>
				<key>LD_RUNPATH_SEARCH_PATHS</key>
				<string>$(inherited) @executable_path/Frameworks</string>
				<key>PRODUCT_BUNDLE_IDENTIFIER</key>
				<string>RubyChina.RubyChinaApp</string>
				<key>PRODUCT_NAME</key>
				<string>$(TARGET_NAME)</string>
			</dict>
			<key>isa</key>
			<string>XCBuildConfiguration</string>
			<key>name</key>
			<string>Release</string>
		</dict>
		<key>C441C0671C1468180035AD6E</key>
		<dict>
			<key>buildConfigurations</key>
			<array>
				<string>C441C0681C1468180035AD6E</string>
				<string>C441C0691C1468180035AD6E</string>
			</array>
			<key>defaultConfigurationIsVisible</key>
			<string>0</string>
			<key>defaultConfigurationName</key>
			<string>Release</string>
			<key>isa</key>
			<string>XCConfigurationList</string>
		</dict>
		<key>C441C0681C1468180035AD6E</key>
		<dict>
			<key>buildSettings</key>
			<dict>
				<key>BUNDLE_LOADER</key>
				<string>$(TEST_HOST)</string>
				<key>INFOPLIST_FILE</key>
				<string>RubyChinaAppTests/Info.plist</string>
				<key>LD_RUNPATH_SEARCH_PATHS</key>
				<string>$(inherited) @executable_path/Frameworks @loader_path/Frameworks</string>
				<key>PRODUCT_BUNDLE_IDENTIFIER</key>
				<string>RubyChina.RubyChinaAppTests</string>
				<key>PRODUCT_NAME</key>
				<string>$(TARGET_NAME)</string>
				<key>TEST_HOST</key>
				<string>$(BUILT_PRODUCTS_DIR)/RubyChinaApp.app/RubyChinaApp</string>
			</dict>
			<key>isa</key>
			<string>XCBuildConfiguration</string>
			<key>name</key>
			<string>Debug</string>
		</dict>
		<key>C441C0691C1468180035AD6E</key>
		<dict>
			<key>buildSettings</key>
			<dict>
				<key>BUNDLE_LOADER</key>
				<string>$(TEST_HOST)</string>
				<key>INFOPLIST_FILE</key>
				<string>RubyChinaAppTests/Info.plist</string>
				<key>LD_RUNPATH_SEARCH_PATHS</key>
				<string>$(inherited) @executable_path/Frameworks @loader_path/Frameworks</string>
				<key>PRODUCT_BUNDLE_IDENTIFIER</key>
				<string>RubyChina.RubyChinaAppTests</string>
				<key>PRODUCT_NAME</key>
				<string>$(TARGET_NAME)</string>
				<key>TEST_HOST</key>
				<string>$(BUILT_PRODUCTS_DIR)/RubyChinaApp.app/RubyChinaApp</string>
			</dict>
			<key>isa</key>
			<string>XCBuildConfiguration</string>
			<key>name</key>
			<string>Release</string>
		</dict>
		<key>C441C06A1C1468180035AD6E</key>
		<dict>
			<key>buildConfigurations</key>
			<array>
				<string>C441C06B1C1468180035AD6E</string>
				<string>C441C06C1C1468180035AD6E</string>
			</array>
			<key>defaultConfigurationIsVisible</key>
			<string>0</string>
			<key>defaultConfigurationName</key>
			<string>Release</string>
			<key>isa</key>
			<string>XCConfigurationList</string>
		</dict>
		<key>C441C06B1C1468180035AD6E</key>
		<dict>
			<key>buildSettings</key>
			<dict>
				<key>INFOPLIST_FILE</key>
				<string>RubyChinaAppUITests/Info.plist</string>
				<key>LD_RUNPATH_SEARCH_PATHS</key>
				<string>$(inherited) @executable_path/Frameworks @loader_path/Frameworks</string>
				<key>PRODUCT_BUNDLE_IDENTIFIER</key>
				<string>RubyChina.RubyChinaAppUITests</string>
				<key>PRODUCT_NAME</key>
				<string>$(TARGET_NAME)</string>
				<key>TEST_TARGET_NAME</key>
				<string>RubyChinaApp</string>
				<key>USES_XCTRUNNER</key>
				<string>YES</string>
			</dict>
			<key>isa</key>
			<string>XCBuildConfiguration</string>
			<key>name</key>
			<string>Debug</string>
		</dict>
		<key>C441C06C1C1468180035AD6E</key>
		<dict>
			<key>buildSettings</key>
			<dict>
				<key>INFOPLIST_FILE</key>
				<string>RubyChinaAppUITests/Info.plist</string>
				<key>LD_RUNPATH_SEARCH_PATHS</key>
				<string>$(inherited) @executable_path/Frameworks @loader_path/Frameworks</string>
				<key>PRODUCT_BUNDLE_IDENTIFIER</key>
				<string>RubyChina.RubyChinaAppUITests</string>
				<key>PRODUCT_NAME</key>
				<string>$(TARGET_NAME)</string>
				<key>TEST_TARGET_NAME</key>
				<string>RubyChinaApp</string>
				<key>USES_XCTRUNNER</key>
				<string>YES</string>
			</dict>
			<key>isa</key>
			<string>XCBuildConfiguration</string>
			<key>name</key>
			<string>Release</string>
		</dict>
		<key>C45CBF6C1C2AD733001B6400</key>
		<dict>
			<key>fileEncoding</key>
			<string>4</string>
			<key>isa</key>
			<string>PBXFileReference</string>
			<key>lastKnownFileType</key>
			<string>file.storyboard</string>
			<key>path</key>
			<string>Main.storyboard</string>
			<key>sourceTree</key>
			<string>&lt;group&gt;</string>
		</dict>
		<key>C45CBF6D1C2AD733001B6400</key>
		<dict>
			<key>fileRef</key>
			<string>C45CBF6C1C2AD733001B6400</string>
			<key>isa</key>
			<string>PBXBuildFile</string>
		</dict>
		<key>C4BBE17C1C1DFDA00029C7C4</key>
		<dict>
			<key>isa</key>
			<string>PBXFileReference</string>
			<key>lastKnownFileType</key>
			<string>wrapper.framework</string>
			<key>name</key>
			<string>NetworkAbstraction.framework</string>
			<key>path</key>
			<string>NetworkAbstraction/NetworkAbstraction/build/Debug-iphoneos/NetworkAbstraction.framework</string>
			<key>sourceTree</key>
			<string>&lt;group&gt;</string>
		</dict>
		<key>C4C009111C1ECEEA003226BC</key>
		<dict>
			<key>fileEncoding</key>
			<string>4</string>
			<key>isa</key>
			<string>PBXFileReference</string>
			<key>lastKnownFileType</key>
			<string>file.storyboard</string>
			<key>path</key>
			<string>LaunchScreen.storyboard</string>
			<key>sourceTree</key>
			<string>&lt;group&gt;</string>
		</dict>
		<key>C4C009131C1ECEEA003226BC</key>
		<dict>
			<key>fileRef</key>
			<string>C4C009111C1ECEEA003226BC</string>
			<key>isa</key>
			<string>PBXBuildFile</string>
		</dict>
		<key>DAD71CF0649CE0EAD728B51C</key>
		<dict>
			<key>children</key>
			<array>
				<string>089404BA55371C439F26C005</string>
				<string>A2DBA5217B1B94FB0308DAC2</string>
			</array>
			<key>isa</key>
			<string>PBXGroup</string>
			<key>name</key>
			<string>Pods</string>
			<key>sourceTree</key>
			<string>&lt;group&gt;</string>
		</dict>
		<key>E14E7D4B2545FB1AD5ED3049</key>
		<dict>
			<key>buildActionMask</key>
			<string>2147483647</string>
			<key>files</key>
			<array/>
			<key>inputPaths</key>
			<array/>
			<key>isa</key>
			<string>PBXShellScriptBuildPhase</string>
			<key>name</key>
			<string>Embed Pods Frameworks</string>
			<key>outputPaths</key>
			<array/>
			<key>runOnlyForDeploymentPostprocessing</key>
			<string>0</string>
			<key>shellPath</key>
			<string>/bin/sh</string>
			<key>shellScript</key>
			<string>"${SRCROOT}/Pods/Target Support Files/Pods-RubyChinaApp/Pods-RubyChinaApp-frameworks.sh"
</string>
			<key>showEnvVarsInLog</key>
			<string>0</string>
		</dict>
		<key>F567E92F272F96D915869D42</key>
		<dict>
			<key>children</key>
			<array>
				<string>C4BBE17C1C1DFDA00029C7C4</string>
				<string>142A01C7F5D13648370295FF</string>
			</array>
			<key>isa</key>
			<string>PBXGroup</string>
			<key>name</key>
			<string>Frameworks</string>
			<key>sourceTree</key>
			<string>&lt;group&gt;</string>
		</dict>
	</dict>
	<key>rootObject</key>
	<string>C441C0321C1468180035AD6E</string>
</dict>
</plist>
