// !$*UTF8*$!
{
	archiveVersion = 1;
	classes = {
	};
	objectVersion = 47;
	objects = {

/* Begin PBXBuildFile section */
		1D1D66AB42571BAF9B02057D /* Pods.framework in Frameworks */ = {isa = PBXBuildFile; fileRef = 253395CDF7C6B183C52F0F86 /* Pods.framework */; };
		231DF0C9E04F39E6FB98AE0F /* User.swift in Sources */ = {isa = PBXBuildFile; fileRef = 231DF5EE10C04C7D61695AC7 /* User.swift */; };
		231DF13DA4A78C3CC1937377 /* Response+mapSwiftyJSON.swift in Sources */ = {isa = PBXBuildFile; fileRef = 231DFD0EA6F48001E6B4E49D /* Response+mapSwiftyJSON.swift */; };
		231DF20B184C8E0C4667DE14 /* Util.swift in Sources */ = {isa = PBXBuildFile; fileRef = 231DFCD7A04A2B6FE984C601 /* Util.swift */; };
		231DF4EC0611FFB817390AA3 /* Ability.swift in Sources */ = {isa = PBXBuildFile; fileRef = 231DF69A0BA185B9D027ED3E /* Ability.swift */; };
		231DF9BC5E5C962FB01CA017 /* GlobalConstant.swift in Sources */ = {isa = PBXBuildFile; fileRef = 231DF7E28829ED774FE9F9E3 /* GlobalConstant.swift */; };
		231DFA1A19C5011B9B4679CF /* Topic.swift in Sources */ = {isa = PBXBuildFile; fileRef = 231DF1962EC2499EB3374649 /* Topic.swift */; };
		231DFC1935D67575003229D5 /* FirstViewController.swift in Sources */ = {isa = PBXBuildFile; fileRef = 231DF936033E22F103D80F2D /* FirstViewController.swift */; };
		231DFC6CC70D378E5AEA3D54 /* Topics.swift in Sources */ = {isa = PBXBuildFile; fileRef = 231DF1591B7761CA1D5664FA /* Topics.swift */; };
		231DFD05D20D5C36BFF6EC86 /* CustomDebugStringConvertible.swift in Sources */ = {isa = PBXBuildFile; fileRef = 231DFA90FC2C300FD007C2FD /* CustomDebugStringConvertible.swift */; };
		231DFD9928EE58ECE1136122 /* String.swift in Sources */ = {isa = PBXBuildFile; fileRef = 231DFA0DD99841201D825416 /* String.swift */; };
		231DFE21DA482EB20732B290 /* SwiftyJSONMappable.swift in Sources */ = {isa = PBXBuildFile; fileRef = 231DF0253D5F58432452BC0D /* SwiftyJSONMappable.swift */; };
		31A9D2230E0FA063CB10C95D /* RubyChinaV3.swift in Sources */ = {isa = PBXBuildFile; fileRef = 31A9D1F987FAF91B5F76E086 /* RubyChinaV3.swift */; };
		31A9D2CBCB1F99B39CA623B2 /* TopicsTableViewController.swift in Sources */ = {isa = PBXBuildFile; fileRef = 31A9DAC8958D8040CAEA9E5C /* TopicsTableViewController.swift */; };
		31A9D309751958C2492EBBE1 /* SharedObjects.swift in Sources */ = {isa = PBXBuildFile; fileRef = 31A9DAB9935B984E0866C189 /* SharedObjects.swift */; };
		31A9D53BF888A4CC55B73909 /* Photos.swift in Sources */ = {isa = PBXBuildFile; fileRef = 31A9D0D14B6FD042B6FF04A5 /* Photos.swift */; };
		31A9D73B6A82B2C1A35DFE0C /* APIError.swift in Sources */ = {isa = PBXBuildFile; fileRef = 31A9D702F03DD6CC2106C2F4 /* APIError.swift */; };
		31A9D74A9F10CD73DBE10247 /* Array+initByJSON.swift in Sources */ = {isa = PBXBuildFile; fileRef = 31A9D21FAECDA81239342C49 /* Array+initByJSON.swift */; };
		31A9D8B39216AC35E7F70468 /* Reply.swift in Sources */ = {isa = PBXBuildFile; fileRef = 31A9D6E8620E5FF3193037DA /* Reply.swift */; };
		31A9D906AD995A2EDD558B0D /* Hello.swift in Sources */ = {isa = PBXBuildFile; fileRef = 31A9D12781FB0997905874A1 /* Hello.swift */; };
		31A9D93EDFCE02895C35F011 /* NetworkLogger.swift in Sources */ = {isa = PBXBuildFile; fileRef = 31A9DC04E21F53880B6828FC /* NetworkLogger.swift */; };
		31A9DA64933FE3C419778104 /* Users.swift in Sources */ = {isa = PBXBuildFile; fileRef = 31A9D82BB3D48D7D4FA16955 /* Users.swift */; };
		31A9DB18DADE7BCD8C1F703B /* EndpointType.swift in Sources */ = {isa = PBXBuildFile; fileRef = 31A9DEE22D18AB275DE61316 /* EndpointType.swift */; };
		31A9DB46CE52F141B02A2BFE /* TopicsTableViewCell.swift in Sources */ = {isa = PBXBuildFile; fileRef = 31A9DE25708DF430723AF16E /* TopicsTableViewCell.swift */; };
		31A9DBE9CDA353194E87F9FC /* Node.swift in Sources */ = {isa = PBXBuildFile; fileRef = 31A9D9BB6354DAC96C2A8391 /* Node.swift */; };
		31A9DC4ADAA4003191EF16B4 /* Provider.swift in Sources */ = {isa = PBXBuildFile; fileRef = 31A9D525F4F40028ECB3130E /* Provider.swift */; };
		31A9DCBACE014A3E33924156 /* APIResult.swift in Sources */ = {isa = PBXBuildFile; fileRef = 31A9DE22F7AC1350AE0E54C4 /* APIResult.swift */; };
		31A9DD18A3DE831B4DD37DB5 /* Replies.swift in Sources */ = {isa = PBXBuildFile; fileRef = 31A9D89D2087401239B75AD4 /* Replies.swift */; };
		31A9DD29918C765715235B96 /* TopicsPager.swift in Sources */ = {isa = PBXBuildFile; fileRef = 31A9D691B9045DA938B842CE /* TopicsPager.swift */; };
		31A9DE1B1C7112CD3FA27BD2 /* Nodes.swift in Sources */ = {isa = PBXBuildFile; fileRef = 31A9DC00F1E6779F99683172 /* Nodes.swift */; };
		C441C03E1C1468180035AD6E /* AppDelegate.swift in Sources */ = {isa = PBXBuildFile; fileRef = C441C03D1C1468180035AD6E /* AppDelegate.swift */; };
		C441C0471C1468180035AD6E /* Assets.xcassets in Resources */ = {isa = PBXBuildFile; fileRef = C441C0461C1468180035AD6E /* Assets.xcassets */; };
		C441C0551C1468180035AD6E /* RubyChinaAppTests.swift in Sources */ = {isa = PBXBuildFile; fileRef = C441C0541C1468180035AD6E /* RubyChinaAppTests.swift */; };
		C441C0601C1468180035AD6E /* RubyChinaAppUITests.swift in Sources */ = {isa = PBXBuildFile; fileRef = C441C05F1C1468180035AD6E /* RubyChinaAppUITests.swift */; };
		C45CBF6D1C2AD733001B6400 /* Main.storyboard in Resources */ = {isa = PBXBuildFile; fileRef = C45CBF6C1C2AD733001B6400 /* Main.storyboard */; };
		C4BBE17D1C1DFDA00029C7C4 /* NetworkAbstraction.framework in Frameworks */ = {isa = PBXBuildFile; fileRef = C4BBE17C1C1DFDA00029C7C4 /* NetworkAbstraction.framework */; };
		C4C009131C1ECEEA003226BC /* LaunchScreen.storyboard in Resources */ = {isa = PBXBuildFile; fileRef = C4C009111C1ECEEA003226BC /* LaunchScreen.storyboard */; };
/* End PBXBuildFile section */

/* Begin PBXContainerItemProxy section */
		C441C0511C1468180035AD6E /* PBXContainerItemProxy */ = {
			isa = PBXContainerItemProxy;
			containerPortal = C441C0321C1468180035AD6E /* Project object */;
			proxyType = 1;
			remoteGlobalIDString = C441C0391C1468180035AD6E;
			remoteInfo = RubyChinaApp;
		};
		C441C05C1C1468180035AD6E /* PBXContainerItemProxy */ = {
			isa = PBXContainerItemProxy;
			containerPortal = C441C0321C1468180035AD6E /* Project object */;
			proxyType = 1;
			remoteGlobalIDString = C441C0391C1468180035AD6E;
			remoteInfo = RubyChinaApp;
		};
/* End PBXContainerItemProxy section */

/* Begin PBXFileReference section */
		231DF0253D5F58432452BC0D /* SwiftyJSONMappable.swift */ = {isa = PBXFileReference; fileEncoding = 4; lastKnownFileType = sourcecode.swift; path = SwiftyJSONMappable.swift; sourceTree = "<group>"; };
		231DF1591B7761CA1D5664FA /* Topics.swift */ = {isa = PBXFileReference; fileEncoding = 4; lastKnownFileType = sourcecode.swift; path = Topics.swift; sourceTree = "<group>"; };
		231DF1962EC2499EB3374649 /* Topic.swift */ = {isa = PBXFileReference; fileEncoding = 4; lastKnownFileType = sourcecode.swift; path = Topic.swift; sourceTree = "<group>"; };
		231DF5EE10C04C7D61695AC7 /* User.swift */ = {isa = PBXFileReference; fileEncoding = 4; lastKnownFileType = sourcecode.swift; path = User.swift; sourceTree = "<group>"; };
		231DF69A0BA185B9D027ED3E /* Ability.swift */ = {isa = PBXFileReference; fileEncoding = 4; lastKnownFileType = sourcecode.swift; path = Ability.swift; sourceTree = "<group>"; };
		231DF7E28829ED774FE9F9E3 /* GlobalConstant.swift */ = {isa = PBXFileReference; fileEncoding = 4; lastKnownFileType = sourcecode.swift; path = GlobalConstant.swift; sourceTree = "<group>"; };
		231DF936033E22F103D80F2D /* FirstViewController.swift */ = {isa = PBXFileReference; fileEncoding = 4; lastKnownFileType = sourcecode.swift; path = FirstViewController.swift; sourceTree = "<group>"; };
		231DFA0DD99841201D825416 /* String.swift */ = {isa = PBXFileReference; fileEncoding = 4; lastKnownFileType = sourcecode.swift; path = String.swift; sourceTree = "<group>"; };
		231DFA90FC2C300FD007C2FD /* CustomDebugStringConvertible.swift */ = {isa = PBXFileReference; fileEncoding = 4; lastKnownFileType = sourcecode.swift; path = CustomDebugStringConvertible.swift; sourceTree = "<group>"; };
		231DFCD7A04A2B6FE984C601 /* Util.swift */ = {isa = PBXFileReference; fileEncoding = 4; lastKnownFileType = sourcecode.swift; path = Util.swift; sourceTree = "<group>"; };
		231DFD0EA6F48001E6B4E49D /* Response+mapSwiftyJSON.swift */ = {isa = PBXFileReference; fileEncoding = 4; lastKnownFileType = sourcecode.swift; path = "Response+mapSwiftyJSON.swift"; sourceTree = "<group>"; };
		253395CDF7C6B183C52F0F86 /* Pods.framework */ = {isa = PBXFileReference; explicitFileType = wrapper.framework; includeInIndex = 0; path = Pods.framework; sourceTree = BUILT_PRODUCTS_DIR; };
		31A9D0D14B6FD042B6FF04A5 /* Photos.swift */ = {isa = PBXFileReference; fileEncoding = 4; lastKnownFileType = sourcecode.swift; path = Photos.swift; sourceTree = "<group>"; };
		31A9D12781FB0997905874A1 /* Hello.swift */ = {isa = PBXFileReference; fileEncoding = 4; lastKnownFileType = sourcecode.swift; path = Hello.swift; sourceTree = "<group>"; };
		31A9D1F987FAF91B5F76E086 /* RubyChinaV3.swift */ = {isa = PBXFileReference; fileEncoding = 4; lastKnownFileType = sourcecode.swift; path = RubyChinaV3.swift; sourceTree = "<group>"; };
		31A9D21FAECDA81239342C49 /* Array+initByJSON.swift */ = {isa = PBXFileReference; fileEncoding = 4; lastKnownFileType = sourcecode.swift; path = "Array+initByJSON.swift"; sourceTree = "<group>"; };
		31A9D525F4F40028ECB3130E /* Provider.swift */ = {isa = PBXFileReference; fileEncoding = 4; lastKnownFileType = sourcecode.swift; path = Provider.swift; sourceTree = "<group>"; };
		31A9D691B9045DA938B842CE /* TopicsPager.swift */ = {isa = PBXFileReference; fileEncoding = 4; lastKnownFileType = sourcecode.swift; path = TopicsPager.swift; sourceTree = "<group>"; };
		31A9D6E8620E5FF3193037DA /* Reply.swift */ = {isa = PBXFileReference; fileEncoding = 4; lastKnownFileType = sourcecode.swift; path = Reply.swift; sourceTree = "<group>"; };
		31A9D702F03DD6CC2106C2F4 /* APIError.swift */ = {isa = PBXFileReference; fileEncoding = 4; lastKnownFileType = sourcecode.swift; path = APIError.swift; sourceTree = "<group>"; };
		31A9D82BB3D48D7D4FA16955 /* Users.swift */ = {isa = PBXFileReference; fileEncoding = 4; lastKnownFileType = sourcecode.swift; path = Users.swift; sourceTree = "<group>"; };
		31A9D89D2087401239B75AD4 /* Replies.swift */ = {isa = PBXFileReference; fileEncoding = 4; lastKnownFileType = sourcecode.swift; path = Replies.swift; sourceTree = "<group>"; };
		31A9D9BB6354DAC96C2A8391 /* Node.swift */ = {isa = PBXFileReference; fileEncoding = 4; lastKnownFileType = sourcecode.swift; path = Node.swift; sourceTree = "<group>"; };
		31A9DAB9935B984E0866C189 /* SharedObjects.swift */ = {isa = PBXFileReference; fileEncoding = 4; lastKnownFileType = sourcecode.swift; path = SharedObjects.swift; sourceTree = "<group>"; };
		31A9DAC8958D8040CAEA9E5C /* TopicsTableViewController.swift */ = {isa = PBXFileReference; fileEncoding = 4; lastKnownFileType = sourcecode.swift; path = TopicsTableViewController.swift; sourceTree = "<group>"; };
		31A9DC00F1E6779F99683172 /* Nodes.swift */ = {isa = PBXFileReference; fileEncoding = 4; lastKnownFileType = sourcecode.swift; path = Nodes.swift; sourceTree = "<group>"; };
		31A9DC04E21F53880B6828FC /* NetworkLogger.swift */ = {isa = PBXFileReference; fileEncoding = 4; lastKnownFileType = sourcecode.swift; path = NetworkLogger.swift; sourceTree = "<group>"; };
		31A9DE22F7AC1350AE0E54C4 /* APIResult.swift */ = {isa = PBXFileReference; fileEncoding = 4; lastKnownFileType = sourcecode.swift; path = APIResult.swift; sourceTree = "<group>"; };
		31A9DE25708DF430723AF16E /* TopicsTableViewCell.swift */ = {isa = PBXFileReference; fileEncoding = 4; lastKnownFileType = sourcecode.swift; path = TopicsTableViewCell.swift; sourceTree = "<group>"; };
		31A9DEE22D18AB275DE61316 /* EndpointType.swift */ = {isa = PBXFileReference; fileEncoding = 4; lastKnownFileType = sourcecode.swift; path = EndpointType.swift; sourceTree = "<group>"; };
		490432762AA9EB16F5679865 /* Pods.debug.xcconfig */ = {isa = PBXFileReference; includeInIndex = 1; lastKnownFileType = text.xcconfig; name = Pods.debug.xcconfig; path = "Pods/Target Support Files/Pods/Pods.debug.xcconfig"; sourceTree = "<group>"; };
		B4C7C3327D2AF7205A9E4CF0 /* Pods.release.xcconfig */ = {isa = PBXFileReference; includeInIndex = 1; lastKnownFileType = text.xcconfig; name = Pods.release.xcconfig; path = "Pods/Target Support Files/Pods/Pods.release.xcconfig"; sourceTree = "<group>"; };
		C441C03A1C1468180035AD6E /* RubyChinaApp.app */ = {isa = PBXFileReference; explicitFileType = wrapper.application; includeInIndex = 0; path = RubyChinaApp.app; sourceTree = BUILT_PRODUCTS_DIR; };
		C441C03D1C1468180035AD6E /* AppDelegate.swift */ = {isa = PBXFileReference; lastKnownFileType = sourcecode.swift; path = AppDelegate.swift; sourceTree = "<group>"; };
		C441C0461C1468180035AD6E /* Assets.xcassets */ = {isa = PBXFileReference; lastKnownFileType = folder.assetcatalog; path = Assets.xcassets; sourceTree = "<group>"; };
		C441C04B1C1468180035AD6E /* Info.plist */ = {isa = PBXFileReference; lastKnownFileType = text.plist.xml; path = Info.plist; sourceTree = "<group>"; };
		C441C0501C1468180035AD6E /* RubyChinaAppTests.xctest */ = {isa = PBXFileReference; explicitFileType = wrapper.cfbundle; includeInIndex = 0; path = RubyChinaAppTests.xctest; sourceTree = BUILT_PRODUCTS_DIR; };
		C441C0541C1468180035AD6E /* RubyChinaAppTests.swift */ = {isa = PBXFileReference; lastKnownFileType = sourcecode.swift; path = RubyChinaAppTests.swift; sourceTree = "<group>"; };
		C441C0561C1468180035AD6E /* Info.plist */ = {isa = PBXFileReference; lastKnownFileType = text.plist.xml; path = Info.plist; sourceTree = "<group>"; };
		C441C05B1C1468180035AD6E /* RubyChinaAppUITests.xctest */ = {isa = PBXFileReference; explicitFileType = wrapper.cfbundle; includeInIndex = 0; path = RubyChinaAppUITests.xctest; sourceTree = BUILT_PRODUCTS_DIR; };
		C441C05F1C1468180035AD6E /* RubyChinaAppUITests.swift */ = {isa = PBXFileReference; lastKnownFileType = sourcecode.swift; path = RubyChinaAppUITests.swift; sourceTree = "<group>"; };
		C441C0611C1468180035AD6E /* Info.plist */ = {isa = PBXFileReference; lastKnownFileType = text.plist.xml; path = Info.plist; sourceTree = "<group>"; };
		C45CBF6C1C2AD733001B6400 /* Main.storyboard */ = {isa = PBXFileReference; fileEncoding = 4; lastKnownFileType = file.storyboard; path = Main.storyboard; sourceTree = "<group>"; };
		C4BBE17C1C1DFDA00029C7C4 /* NetworkAbstraction.framework */ = {isa = PBXFileReference; lastKnownFileType = wrapper.framework; name = NetworkAbstraction.framework; path = "NetworkAbstraction/NetworkAbstraction/build/Debug-iphoneos/NetworkAbstraction.framework"; sourceTree = "<group>"; };
		C4C009111C1ECEEA003226BC /* LaunchScreen.storyboard */ = {isa = PBXFileReference; fileEncoding = 4; lastKnownFileType = file.storyboard; path = LaunchScreen.storyboard; sourceTree = "<group>"; };
/* End PBXFileReference section */

/* Begin PBXFrameworksBuildPhase section */
		C441C0371C1468180035AD6E /* Frameworks */ = {
			isa = PBXFrameworksBuildPhase;
			buildActionMask = 2147483647;
			files = (
				C4BBE17D1C1DFDA00029C7C4 /* NetworkAbstraction.framework in Frameworks */,
				1D1D66AB42571BAF9B02057D /* Pods.framework in Frameworks */,
			);
			runOnlyForDeploymentPostprocessing = 0;
		};
		C441C04D1C1468180035AD6E /* Frameworks */ = {
			isa = PBXFrameworksBuildPhase;
			buildActionMask = 2147483647;
			files = (
			);
			runOnlyForDeploymentPostprocessing = 0;
		};
		C441C0581C1468180035AD6E /* Frameworks */ = {
			isa = PBXFrameworksBuildPhase;
			buildActionMask = 2147483647;
			files = (
			);
			runOnlyForDeploymentPostprocessing = 0;
		};
/* End PBXFrameworksBuildPhase section */

/* Begin PBXGroup section */
		231DF173354D34CB754E9E6B /* Models */ = {
			isa = PBXGroup;
			children = (
				231DF69A0BA185B9D027ED3E /* Ability.swift */,
				231DF1962EC2499EB3374649 /* Topic.swift */,
				231DF5EE10C04C7D61695AC7 /* User.swift */,
				31A9D6E8620E5FF3193037DA /* Reply.swift */,
				31A9D9BB6354DAC96C2A8391 /* Node.swift */,
			);
			path = Models;
			sourceTree = "<group>";
		};
		231DF46BD9FF2D35A668DFC7 /* Libraries */ = {
			isa = PBXGroup;
			children = (
				231DFCD7A04A2B6FE984C601 /* Util.swift */,
				231DFD64D08DB90BA60E47AF /* Extensions */,
				231DF9785D40E9D6A86952F8 /* Endpoints */,
				231DF0253D5F58432452BC0D /* SwiftyJSONMappable.swift */,
				31A9DC04E21F53880B6828FC /* NetworkLogger.swift */,
				31A9DEE22D18AB275DE61316 /* EndpointType.swift */,
				31A9DE22F7AC1350AE0E54C4 /* APIResult.swift */,
				31A9D525F4F40028ECB3130E /* Provider.swift */,
				31A9D702F03DD6CC2106C2F4 /* APIError.swift */,
				31A9DD883B282D8FC2A94423 /* Pagers */,
			);
			path = Libraries;
			sourceTree = "<group>";
		};
		231DF500ECB4E1A69FDBC94B /* Controllers */ = {
			isa = PBXGroup;
			children = (
				231DF936033E22F103D80F2D /* FirstViewController.swift */,
				31A9D9A95AD53C33A9986EF6 /* Topics */,
			);
			path = Controllers;
			sourceTree = "<group>";
		};
		231DF9785D40E9D6A86952F8 /* Endpoints */ = {
			isa = PBXGroup;
			children = (
				231DF1591B7761CA1D5664FA /* Topics.swift */,
				31A9D12781FB0997905874A1 /* Hello.swift */,
				31A9D89D2087401239B75AD4 /* Replies.swift */,
				31A9D82BB3D48D7D4FA16955 /* Users.swift */,
				31A9DC00F1E6779F99683172 /* Nodes.swift */,
				31A9D0D14B6FD042B6FF04A5 /* Photos.swift */,
				31A9D1F987FAF91B5F76E086 /* RubyChinaV3.swift */,
			);
			path = Endpoints;
			sourceTree = "<group>";
		};
		231DFD64D08DB90BA60E47AF /* Extensions */ = {
			isa = PBXGroup;
			children = (
				231DFA90FC2C300FD007C2FD /* CustomDebugStringConvertible.swift */,
				231DFA0DD99841201D825416 /* String.swift */,
				231DFD0EA6F48001E6B4E49D /* Response+mapSwiftyJSON.swift */,
				31A9D21FAECDA81239342C49 /* Array+initByJSON.swift */,
			);
			path = Extensions;
			sourceTree = "<group>";
		};
		231DFED5EF52071DF32EA780 /* Views */ = {
			isa = PBXGroup;
			children = (
				C45CBF6C1C2AD733001B6400 /* Main.storyboard */,
				C4C009111C1ECEEA003226BC /* LaunchScreen.storyboard */,
			);
			path = Views;
			sourceTree = "<group>";
		};
		31A9D9A95AD53C33A9986EF6 /* Topics */ = {
			isa = PBXGroup;
			children = (
				31A9DAC8958D8040CAEA9E5C /* TopicsTableViewController.swift */,
				31A9DE25708DF430723AF16E /* TopicsTableViewCell.swift */,
			);
			path = Topics;
			sourceTree = "<group>";
		};
		31A9DD883B282D8FC2A94423 /* Pagers */ = {
			isa = PBXGroup;
			children = (
				31A9D691B9045DA938B842CE /* TopicsPager.swift */,
			);
			path = Pagers;
			sourceTree = "<group>";
		};
		7DE4E05643485AB50109DE6B /* Pods */ = {
			isa = PBXGroup;
			children = (
				490432762AA9EB16F5679865 /* Pods.debug.xcconfig */,
				B4C7C3327D2AF7205A9E4CF0 /* Pods.release.xcconfig */,
			);
			name = Pods;
			sourceTree = "<group>";
		};
		C441C0311C1468180035AD6E = {
			isa = PBXGroup;
			children = (
				C441C03C1C1468180035AD6E /* RubyChinaApp */,
				C441C0531C1468180035AD6E /* RubyChinaAppTests */,
				C441C05E1C1468180035AD6E /* RubyChinaAppUITests */,
				C441C03B1C1468180035AD6E /* Products */,
				7DE4E05643485AB50109DE6B /* Pods */,
				F567E92F272F96D915869D42 /* Frameworks */,
			);
			indentWidth = 4;
			sourceTree = "<group>";
			tabWidth = 4;
			usesTabs = 0;
		};
		C441C03B1C1468180035AD6E /* Products */ = {
			isa = PBXGroup;
			children = (
				C441C03A1C1468180035AD6E /* RubyChinaApp.app */,
				C441C0501C1468180035AD6E /* RubyChinaAppTests.xctest */,
				C441C05B1C1468180035AD6E /* RubyChinaAppUITests.xctest */,
			);
			name = Products;
			sourceTree = "<group>";
		};
		C441C03C1C1468180035AD6E /* RubyChinaApp */ = {
			isa = PBXGroup;
			children = (
				C441C03D1C1468180035AD6E /* AppDelegate.swift */,
				C441C0461C1468180035AD6E /* Assets.xcassets */,
				C441C04B1C1468180035AD6E /* Info.plist */,
				231DF173354D34CB754E9E6B /* Models */,
				231DF46BD9FF2D35A668DFC7 /* Libraries */,
				231DF7E28829ED774FE9F9E3 /* GlobalConstant.swift */,
				231DF500ECB4E1A69FDBC94B /* Controllers */,
				231DFED5EF52071DF32EA780 /* Views */,
				31A9DAB9935B984E0866C189 /* SharedObjects.swift */,
			);
			path = RubyChinaApp;
			sourceTree = "<group>";
		};
		C441C0531C1468180035AD6E /* RubyChinaAppTests */ = {
			isa = PBXGroup;
			children = (
				C441C0541C1468180035AD6E /* RubyChinaAppTests.swift */,
				C441C0561C1468180035AD6E /* Info.plist */,
			);
			path = RubyChinaAppTests;
			sourceTree = "<group>";
		};
		C441C05E1C1468180035AD6E /* RubyChinaAppUITests */ = {
			isa = PBXGroup;
			children = (
				C441C05F1C1468180035AD6E /* RubyChinaAppUITests.swift */,
				C441C0611C1468180035AD6E /* Info.plist */,
			);
			path = RubyChinaAppUITests;
			sourceTree = "<group>";
		};
		F567E92F272F96D915869D42 /* Frameworks */ = {
			isa = PBXGroup;
			children = (
				C4BBE17C1C1DFDA00029C7C4 /* NetworkAbstraction.framework */,
				253395CDF7C6B183C52F0F86 /* Pods.framework */,
			);
			name = Frameworks;
			sourceTree = "<group>";
		};
/* End PBXGroup section */

/* Begin PBXNativeTarget section */
		C441C0391C1468180035AD6E /* RubyChinaApp */ = {
			isa = PBXNativeTarget;
			buildConfigurationList = C441C0641C1468180035AD6E /* Build configuration list for PBXNativeTarget "RubyChinaApp" */;
			buildPhases = (
				B1FC4A290435CBBC59C79DD5 /* Check Pods Manifest.lock */,
				C441C0361C1468180035AD6E /* Sources */,
				C441C0371C1468180035AD6E /* Frameworks */,
				C441C0381C1468180035AD6E /* Resources */,
				208268FB0659266A0704CCFE /* Embed Pods Frameworks */,
				2D8632C6A623AF0364726D1A /* Copy Pods Resources */,
			);
			buildRules = (
			);
			dependencies = (
			);
			name = RubyChinaApp;
			productName = RubyChinaApp;
			productReference = C441C03A1C1468180035AD6E /* RubyChinaApp.app */;
			productType = "com.apple.product-type.application";
		};
		C441C04F1C1468180035AD6E /* RubyChinaAppTests */ = {
			isa = PBXNativeTarget;
			buildConfigurationList = C441C0671C1468180035AD6E /* Build configuration list for PBXNativeTarget "RubyChinaAppTests" */;
			buildPhases = (
				C441C04C1C1468180035AD6E /* Sources */,
				C441C04D1C1468180035AD6E /* Frameworks */,
				C441C04E1C1468180035AD6E /* Resources */,
			);
			buildRules = (
			);
			dependencies = (
				C441C0521C1468180035AD6E /* PBXTargetDependency */,
			);
			name = RubyChinaAppTests;
			productName = RubyChinaAppTests;
			productReference = C441C0501C1468180035AD6E /* RubyChinaAppTests.xctest */;
			productType = "com.apple.product-type.bundle.unit-test";
		};
		C441C05A1C1468180035AD6E /* RubyChinaAppUITests */ = {
			isa = PBXNativeTarget;
			buildConfigurationList = C441C06A1C1468180035AD6E /* Build configuration list for PBXNativeTarget "RubyChinaAppUITests" */;
			buildPhases = (
				C441C0571C1468180035AD6E /* Sources */,
				C441C0581C1468180035AD6E /* Frameworks */,
				C441C0591C1468180035AD6E /* Resources */,
			);
			buildRules = (
			);
			dependencies = (
				C441C05D1C1468180035AD6E /* PBXTargetDependency */,
			);
			name = RubyChinaAppUITests;
			productName = RubyChinaAppUITests;
			productReference = C441C05B1C1468180035AD6E /* RubyChinaAppUITests.xctest */;
			productType = "com.apple.product-type.bundle.ui-testing";
		};
/* End PBXNativeTarget section */

/* Begin PBXProject section */
		C441C0321C1468180035AD6E /* Project object */ = {
			isa = PBXProject;
			attributes = {
				LastSwiftUpdateCheck = 0710;
				LastUpgradeCheck = 0710;
				ORGANIZATIONNAME = RubyChina;
				TargetAttributes = {
					C441C0391C1468180035AD6E = {
						CreatedOnToolsVersion = 7.1.1;
					};
					C441C04F1C1468180035AD6E = {
						CreatedOnToolsVersion = 7.1.1;
						TestTargetID = C441C0391C1468180035AD6E;
					};
					C441C05A1C1468180035AD6E = {
						CreatedOnToolsVersion = 7.1.1;
						TestTargetID = C441C0391C1468180035AD6E;
					};
				};
			};
			buildConfigurationList = C441C0351C1468180035AD6E /* Build configuration list for PBXProject "RubyChinaApp" */;
			compatibilityVersion = "Xcode 6.3";
			developmentRegion = English;
			hasScannedForEncodings = 0;
			knownRegions = (
				en,
				Base,
			);
			mainGroup = C441C0311C1468180035AD6E;
			productRefGroup = C441C03B1C1468180035AD6E /* Products */;
			projectDirPath = "";
			projectRoot = "";
			targets = (
				C441C0391C1468180035AD6E /* RubyChinaApp */,
				C441C04F1C1468180035AD6E /* RubyChinaAppTests */,
				C441C05A1C1468180035AD6E /* RubyChinaAppUITests */,
			);
		};
/* End PBXProject section */

/* Begin PBXResourcesBuildPhase section */
		C441C0381C1468180035AD6E /* Resources */ = {
			isa = PBXResourcesBuildPhase;
			buildActionMask = 2147483647;
			files = (
				C45CBF6D1C2AD733001B6400 /* Main.storyboard in Resources */,
				C441C0471C1468180035AD6E /* Assets.xcassets in Resources */,
				C4C009131C1ECEEA003226BC /* LaunchScreen.storyboard in Resources */,
			);
			runOnlyForDeploymentPostprocessing = 0;
		};
		C441C04E1C1468180035AD6E /* Resources */ = {
			isa = PBXResourcesBuildPhase;
			buildActionMask = 2147483647;
			files = (
			);
			runOnlyForDeploymentPostprocessing = 0;
		};
		C441C0591C1468180035AD6E /* Resources */ = {
			isa = PBXResourcesBuildPhase;
			buildActionMask = 2147483647;
			files = (
			);
			runOnlyForDeploymentPostprocessing = 0;
		};
/* End PBXResourcesBuildPhase section */

/* Begin PBXShellScriptBuildPhase section */
		208268FB0659266A0704CCFE /* Embed Pods Frameworks */ = {
			isa = PBXShellScriptBuildPhase;
			buildActionMask = 2147483647;
			files = (
			);
			inputPaths = (
			);
			name = "Embed Pods Frameworks";
			outputPaths = (
			);
			runOnlyForDeploymentPostprocessing = 0;
			shellPath = /bin/sh;
			shellScript = "\"${SRCROOT}/Pods/Target Support Files/Pods/Pods-frameworks.sh\"\n";
			showEnvVarsInLog = 0;
		};
		2D8632C6A623AF0364726D1A /* Copy Pods Resources */ = {
			isa = PBXShellScriptBuildPhase;
			buildActionMask = 2147483647;
			files = (
			);
			inputPaths = (
			);
			name = "Copy Pods Resources";
			outputPaths = (
			);
			runOnlyForDeploymentPostprocessing = 0;
			shellPath = /bin/sh;
			shellScript = "\"${SRCROOT}/Pods/Target Support Files/Pods/Pods-resources.sh\"\n";
			showEnvVarsInLog = 0;
		};
		B1FC4A290435CBBC59C79DD5 /* Check Pods Manifest.lock */ = {
			isa = PBXShellScriptBuildPhase;
			buildActionMask = 2147483647;
			files = (
			);
			inputPaths = (
			);
			name = "Check Pods Manifest.lock";
			outputPaths = (
			);
			runOnlyForDeploymentPostprocessing = 0;
			shellPath = /bin/sh;
			shellScript = "diff \"${PODS_ROOT}/../Podfile.lock\" \"${PODS_ROOT}/Manifest.lock\" > /dev/null\nif [[ $? != 0 ]] ; then\n    cat << EOM\nerror: The sandbox is not in sync with the Podfile.lock. Run 'pod install' or update your CocoaPods installation.\nEOM\n    exit 1\nfi\n";
			showEnvVarsInLog = 0;
		};
/* End PBXShellScriptBuildPhase section */

/* Begin PBXSourcesBuildPhase section */
		C441C0361C1468180035AD6E /* Sources */ = {
			isa = PBXSourcesBuildPhase;
			buildActionMask = 2147483647;
			files = (
				C441C03E1C1468180035AD6E /* AppDelegate.swift in Sources */,
				231DF20B184C8E0C4667DE14 /* Util.swift in Sources */,
				231DF9BC5E5C962FB01CA017 /* GlobalConstant.swift in Sources */,
				231DF4EC0611FFB817390AA3 /* Ability.swift in Sources */,
				231DFA1A19C5011B9B4679CF /* Topic.swift in Sources */,
				231DF0C9E04F39E6FB98AE0F /* User.swift in Sources */,
				231DFC1935D67575003229D5 /* FirstViewController.swift in Sources */,
				231DFD05D20D5C36BFF6EC86 /* CustomDebugStringConvertible.swift in Sources */,
				231DFD9928EE58ECE1136122 /* String.swift in Sources */,
				231DF13DA4A78C3CC1937377 /* Response+mapSwiftyJSON.swift in Sources */,
				231DFE21DA482EB20732B290 /* SwiftyJSONMappable.swift in Sources */,
				231DFC6CC70D378E5AEA3D54 /* Topics.swift in Sources */,
				31A9D906AD995A2EDD558B0D /* Hello.swift in Sources */,
				31A9D309751958C2492EBBE1 /* SharedObjects.swift in Sources */,
				31A9D93EDFCE02895C35F011 /* NetworkLogger.swift in Sources */,
				31A9D8B39216AC35E7F70468 /* Reply.swift in Sources */,
				31A9DD18A3DE831B4DD37DB5 /* Replies.swift in Sources */,
				31A9DA64933FE3C419778104 /* Users.swift in Sources */,
				31A9DBE9CDA353194E87F9FC /* Node.swift in Sources */,
				31A9DE1B1C7112CD3FA27BD2 /* Nodes.swift in Sources */,
				31A9D53BF888A4CC55B73909 /* Photos.swift in Sources */,
				31A9D74A9F10CD73DBE10247 /* Array+initByJSON.swift in Sources */,
				31A9DB18DADE7BCD8C1F703B /* EndpointType.swift in Sources */,
				31A9DCBACE014A3E33924156 /* APIResult.swift in Sources */,
				31A9D2230E0FA063CB10C95D /* RubyChinaV3.swift in Sources */,
				31A9DC4ADAA4003191EF16B4 /* Provider.swift in Sources */,
				31A9D73B6A82B2C1A35DFE0C /* APIError.swift in Sources */,
				31A9D2CBCB1F99B39CA623B2 /* TopicsTableViewController.swift in Sources */,
				31A9DB46CE52F141B02A2BFE /* TopicsTableViewCell.swift in Sources */,
				31A9DD29918C765715235B96 /* TopicsPager.swift in Sources */,
			);
			runOnlyForDeploymentPostprocessing = 0;
		};
		C441C04C1C1468180035AD6E /* Sources */ = {
			isa = PBXSourcesBuildPhase;
			buildActionMask = 2147483647;
			files = (
				C441C0551C1468180035AD6E /* RubyChinaAppTests.swift in Sources */,
			);
			runOnlyForDeploymentPostprocessing = 0;
		};
		C441C0571C1468180035AD6E /* Sources */ = {
			isa = PBXSourcesBuildPhase;
			buildActionMask = 2147483647;
			files = (
				C441C0601C1468180035AD6E /* RubyChinaAppUITests.swift in Sources */,
			);
			runOnlyForDeploymentPostprocessing = 0;
		};
/* End PBXSourcesBuildPhase section */

/* Begin PBXTargetDependency section */
		C441C0521C1468180035AD6E /* PBXTargetDependency */ = {
			isa = PBXTargetDependency;
			target = C441C0391C1468180035AD6E /* RubyChinaApp */;
			targetProxy = C441C0511C1468180035AD6E /* PBXContainerItemProxy */;
		};
		C441C05D1C1468180035AD6E /* PBXTargetDependency */ = {
			isa = PBXTargetDependency;
			target = C441C0391C1468180035AD6E /* RubyChinaApp */;
			targetProxy = C441C05C1C1468180035AD6E /* PBXContainerItemProxy */;
		};
/* End PBXTargetDependency section */

/* Begin XCBuildConfiguration section */
		C441C0621C1468180035AD6E /* Debug */ = {
			isa = XCBuildConfiguration;
			buildSettings = {
				ALWAYS_SEARCH_USER_PATHS = NO;
				CLANG_CXX_LANGUAGE_STANDARD = "gnu++0x";
				CLANG_CXX_LIBRARY = "libc++";
				CLANG_ENABLE_MODULES = YES;
				CLANG_ENABLE_OBJC_ARC = YES;
				CLANG_WARN_BOOL_CONVERSION = YES;
				CLANG_WARN_CONSTANT_CONVERSION = YES;
				CLANG_WARN_DIRECT_OBJC_ISA_USAGE = YES_ERROR;
				CLANG_WARN_EMPTY_BODY = YES;
				CLANG_WARN_ENUM_CONVERSION = YES;
				CLANG_WARN_INT_CONVERSION = YES;
				CLANG_WARN_OBJC_ROOT_CLASS = YES_ERROR;
				CLANG_WARN_UNREACHABLE_CODE = YES;
				CLANG_WARN__DUPLICATE_METHOD_MATCH = YES;
				"CODE_SIGN_IDENTITY[sdk=iphoneos*]" = "iPhone Developer";
				COPY_PHASE_STRIP = NO;
				DEBUG_INFORMATION_FORMAT = dwarf;
				ENABLE_STRICT_OBJC_MSGSEND = YES;
				ENABLE_TESTABILITY = YES;
				GCC_C_LANGUAGE_STANDARD = gnu99;
				GCC_DYNAMIC_NO_PIC = NO;
				GCC_NO_COMMON_BLOCKS = YES;
				GCC_OPTIMIZATION_LEVEL = 0;
				GCC_PREPROCESSOR_DEFINITIONS = (
					"DEBUG=1",
					"$(inherited)",
				);
				GCC_WARN_64_TO_32_BIT_CONVERSION = YES;
				GCC_WARN_ABOUT_RETURN_TYPE = YES_ERROR;
				GCC_WARN_UNDECLARED_SELECTOR = YES;
				GCC_WARN_UNINITIALIZED_AUTOS = YES_AGGRESSIVE;
				GCC_WARN_UNUSED_FUNCTION = YES;
				GCC_WARN_UNUSED_VARIABLE = YES;
				IPHONEOS_DEPLOYMENT_TARGET = 9.1;
				MTL_ENABLE_DEBUG_INFO = YES;
				ONLY_ACTIVE_ARCH = YES;
				SDKROOT = iphoneos;
				SWIFT_OPTIMIZATION_LEVEL = "-Onone";
			};
			name = Debug;
		};
		C441C0631C1468180035AD6E /* Release */ = {
			isa = XCBuildConfiguration;
			buildSettings = {
				ALWAYS_SEARCH_USER_PATHS = NO;
				CLANG_CXX_LANGUAGE_STANDARD = "gnu++0x";
				CLANG_CXX_LIBRARY = "libc++";
				CLANG_ENABLE_MODULES = YES;
				CLANG_ENABLE_OBJC_ARC = YES;
				CLANG_WARN_BOOL_CONVERSION = YES;
				CLANG_WARN_CONSTANT_CONVERSION = YES;
				CLANG_WARN_DIRECT_OBJC_ISA_USAGE = YES_ERROR;
				CLANG_WARN_EMPTY_BODY = YES;
				CLANG_WARN_ENUM_CONVERSION = YES;
				CLANG_WARN_INT_CONVERSION = YES;
				CLANG_WARN_OBJC_ROOT_CLASS = YES_ERROR;
				CLANG_WARN_UNREACHABLE_CODE = YES;
				CLANG_WARN__DUPLICATE_METHOD_MATCH = YES;
				"CODE_SIGN_IDENTITY[sdk=iphoneos*]" = "iPhone Developer";
				COPY_PHASE_STRIP = NO;
				DEBUG_INFORMATION_FORMAT = "dwarf-with-dsym";
				ENABLE_NS_ASSERTIONS = NO;
				ENABLE_STRICT_OBJC_MSGSEND = YES;
				GCC_C_LANGUAGE_STANDARD = gnu99;
				GCC_NO_COMMON_BLOCKS = YES;
				GCC_WARN_64_TO_32_BIT_CONVERSION = YES;
				GCC_WARN_ABOUT_RETURN_TYPE = YES_ERROR;
				GCC_WARN_UNDECLARED_SELECTOR = YES;
				GCC_WARN_UNINITIALIZED_AUTOS = YES_AGGRESSIVE;
				GCC_WARN_UNUSED_FUNCTION = YES;
				GCC_WARN_UNUSED_VARIABLE = YES;
				IPHONEOS_DEPLOYMENT_TARGET = 9.1;
				MTL_ENABLE_DEBUG_INFO = NO;
				SDKROOT = iphoneos;
				VALIDATE_PRODUCT = YES;
			};
			name = Release;
		};
		C441C0651C1468180035AD6E /* Debug */ = {
			isa = XCBuildConfiguration;
			baseConfigurationReference = 490432762AA9EB16F5679865 /* Pods.debug.xcconfig */;
			buildSettings = {
				ASSETCATALOG_COMPILER_APPICON_NAME = AppIcon;
				FRAMEWORK_SEARCH_PATHS = "$(inherited)";
				INFOPLIST_FILE = RubyChinaApp/Info.plist;
				IPHONEOS_DEPLOYMENT_TARGET = 9.1;
				LD_RUNPATH_SEARCH_PATHS = "$(inherited) @executable_path/Frameworks";
				"OTHER_SWIFT_FLAGS[arch=*]" = "$(inherited) \"-D\" \"COCOAPODS\" -v";
				PRODUCT_BUNDLE_IDENTIFIER = RubyChina.RubyChinaApp;
				PRODUCT_NAME = "$(TARGET_NAME)";
			};
			name = Debug;
		};
		C441C0661C1468180035AD6E /* Release */ = {
			isa = XCBuildConfiguration;
			baseConfigurationReference = B4C7C3327D2AF7205A9E4CF0 /* Pods.release.xcconfig */;
			buildSettings = {
				ASSETCATALOG_COMPILER_APPICON_NAME = AppIcon;
				FRAMEWORK_SEARCH_PATHS = "$(inherited)";
				INFOPLIST_FILE = RubyChinaApp/Info.plist;
				IPHONEOS_DEPLOYMENT_TARGET = 9.1;
				LD_RUNPATH_SEARCH_PATHS = "$(inherited) @executable_path/Frameworks";
				PRODUCT_BUNDLE_IDENTIFIER = RubyChina.RubyChinaApp;
				PRODUCT_NAME = "$(TARGET_NAME)";
			};
			name = Release;
		};
		C441C0681C1468180035AD6E /* Debug */ = {
			isa = XCBuildConfiguration;
			buildSettings = {
				BUNDLE_LOADER = "$(TEST_HOST)";
				INFOPLIST_FILE = RubyChinaAppTests/Info.plist;
				LD_RUNPATH_SEARCH_PATHS = "$(inherited) @executable_path/Frameworks @loader_path/Frameworks";
				PRODUCT_BUNDLE_IDENTIFIER = RubyChina.RubyChinaAppTests;
				PRODUCT_NAME = "$(TARGET_NAME)";
				TEST_HOST = "$(BUILT_PRODUCTS_DIR)/RubyChinaApp.app/RubyChinaApp";
			};
			name = Debug;
		};
		C441C0691C1468180035AD6E /* Release */ = {
			isa = XCBuildConfiguration;
			buildSettings = {
				BUNDLE_LOADER = "$(TEST_HOST)";
				INFOPLIST_FILE = RubyChinaAppTests/Info.plist;
				LD_RUNPATH_SEARCH_PATHS = "$(inherited) @executable_path/Frameworks @loader_path/Frameworks";
				PRODUCT_BUNDLE_IDENTIFIER = RubyChina.RubyChinaAppTests;
				PRODUCT_NAME = "$(TARGET_NAME)";
				TEST_HOST = "$(BUILT_PRODUCTS_DIR)/RubyChinaApp.app/RubyChinaApp";
			};
			name = Release;
		};
		C441C06B1C1468180035AD6E /* Debug */ = {
			isa = XCBuildConfiguration;
			buildSettings = {
				INFOPLIST_FILE = RubyChinaAppUITests/Info.plist;
				LD_RUNPATH_SEARCH_PATHS = "$(inherited) @executable_path/Frameworks @loader_path/Frameworks";
				PRODUCT_BUNDLE_IDENTIFIER = RubyChina.RubyChinaAppUITests;
				PRODUCT_NAME = "$(TARGET_NAME)";
				TEST_TARGET_NAME = RubyChinaApp;
				USES_XCTRUNNER = YES;
			};
			name = Debug;
		};
		C441C06C1C1468180035AD6E /* Release */ = {
			isa = XCBuildConfiguration;
			buildSettings = {
				INFOPLIST_FILE = RubyChinaAppUITests/Info.plist;
				LD_RUNPATH_SEARCH_PATHS = "$(inherited) @executable_path/Frameworks @loader_path/Frameworks";
				PRODUCT_BUNDLE_IDENTIFIER = RubyChina.RubyChinaAppUITests;
				PRODUCT_NAME = "$(TARGET_NAME)";
				TEST_TARGET_NAME = RubyChinaApp;
				USES_XCTRUNNER = YES;
			};
			name = Release;
		};
/* End XCBuildConfiguration section */

/* Begin XCConfigurationList section */
		C441C0351C1468180035AD6E /* Build configuration list for PBXProject "RubyChinaApp" */ = {
			isa = XCConfigurationList;
			buildConfigurations = (
				C441C0621C1468180035AD6E /* Debug */,
				C441C0631C1468180035AD6E /* Release */,
			);
			defaultConfigurationIsVisible = 0;
			defaultConfigurationName = Release;
		};
		C441C0641C1468180035AD6E /* Build configuration list for PBXNativeTarget "RubyChinaApp" */ = {
			isa = XCConfigurationList;
			buildConfigurations = (
				C441C0651C1468180035AD6E /* Debug */,
				C441C0661C1468180035AD6E /* Release */,
			);
			defaultConfigurationIsVisible = 0;
			defaultConfigurationName = Release;
		};
		C441C0671C1468180035AD6E /* Build configuration list for PBXNativeTarget "RubyChinaAppTests" */ = {
			isa = XCConfigurationList;
			buildConfigurations = (
				C441C0681C1468180035AD6E /* Debug */,
				C441C0691C1468180035AD6E /* Release */,
			);
			defaultConfigurationIsVisible = 0;
			defaultConfigurationName = Release;
		};
		C441C06A1C1468180035AD6E /* Build configuration list for PBXNativeTarget "RubyChinaAppUITests" */ = {
			isa = XCConfigurationList;
			buildConfigurations = (
				C441C06B1C1468180035AD6E /* Debug */,
				C441C06C1C1468180035AD6E /* Release */,
			);
			defaultConfigurationIsVisible = 0;
			defaultConfigurationName = Release;
		};
/* End XCConfigurationList section */
	};
	rootObject = C441C0321C1468180035AD6E /* Project object */;
}
